// !$*UTF8*$!
{
	archiveVersion = 1;
	classes = {
	};
	objectVersion = 56;
	objects = {

/* Begin PBXBuildFile section */
		75BA2CE52C0E780A0089B70F /* SwiftyUIApp.swift in Sources */ = {isa = PBXBuildFile; fileRef = 75BA2CE42C0E780A0089B70F /* SwiftyUIApp.swift */; };
		75BA2CE72C0E780A0089B70F /* ContentView.swift in Sources */ = {isa = PBXBuildFile; fileRef = 75BA2CE62C0E780A0089B70F /* ContentView.swift */; };
		75BA2CE92C0E780B0089B70F /* Assets.xcassets in Resources */ = {isa = PBXBuildFile; fileRef = 75BA2CE82C0E780B0089B70F /* Assets.xcassets */; };
		75BA2CED2C0E780B0089B70F /* Preview Assets.xcassets in Resources */ = {isa = PBXBuildFile; fileRef = 75BA2CEC2C0E780B0089B70F /* Preview Assets.xcassets */; };
		75BA2CF72C0E780B0089B70F /* SwiftyUITests.swift in Sources */ = {isa = PBXBuildFile; fileRef = 75BA2CF62C0E780B0089B70F /* SwiftyUITests.swift */; };
		75BA2D012C0E780B0089B70F /* SwiftyUIUITests.swift in Sources */ = {isa = PBXBuildFile; fileRef = 75BA2D002C0E780B0089B70F /* SwiftyUIUITests.swift */; };
		75BA2D032C0E780B0089B70F /* SwiftyUIUITestsLaunchTests.swift in Sources */ = {isa = PBXBuildFile; fileRef = 75BA2D022C0E780B0089B70F /* SwiftyUIUITestsLaunchTests.swift */; };
/* End PBXBuildFile section */

/* Begin PBXContainerItemProxy section */
		75BA2CF32C0E780B0089B70F /* PBXContainerItemProxy */ = {
			isa = PBXContainerItemProxy;
			containerPortal = 75BA2CD92C0E780A0089B70F /* Project object */;
			proxyType = 1;
			remoteGlobalIDString = 75BA2CE02C0E780A0089B70F;
			remoteInfo = SwiftyUI;
		};
		75BA2CFD2C0E780B0089B70F /* PBXContainerItemProxy */ = {
			isa = PBXContainerItemProxy;
			containerPortal = 75BA2CD92C0E780A0089B70F /* Project object */;
			proxyType = 1;
			remoteGlobalIDString = 75BA2CE02C0E780A0089B70F;
			remoteInfo = SwiftyUI;
		};
/* End PBXContainerItemProxy section */

/* Begin PBXFileReference section */
		75BA2CE12C0E780A0089B70F /* SwiftyUI.app */ = {isa = PBXFileReference; explicitFileType = wrapper.application; includeInIndex = 0; path = SwiftyUI.app; sourceTree = BUILT_PRODUCTS_DIR; };
		75BA2CE42C0E780A0089B70F /* SwiftyUIApp.swift */ = {isa = PBXFileReference; lastKnownFileType = sourcecode.swift; path = SwiftyUIApp.swift; sourceTree = "<group>"; };
		75BA2CE62C0E780A0089B70F /* ContentView.swift */ = {isa = PBXFileReference; lastKnownFileType = sourcecode.swift; path = ContentView.swift; sourceTree = "<group>"; };
		75BA2CE82C0E780B0089B70F /* Assets.xcassets */ = {isa = PBXFileReference; lastKnownFileType = folder.assetcatalog; path = Assets.xcassets; sourceTree = "<group>"; };
		75BA2CEA2C0E780B0089B70F /* SwiftyUI.entitlements */ = {isa = PBXFileReference; lastKnownFileType = text.plist.entitlements; path = SwiftyUI.entitlements; sourceTree = "<group>"; };
		75BA2CEC2C0E780B0089B70F /* Preview Assets.xcassets */ = {isa = PBXFileReference; lastKnownFileType = folder.assetcatalog; path = "Preview Assets.xcassets"; sourceTree = "<group>"; };
		75BA2CF22C0E780B0089B70F /* SwiftyUITests.xctest */ = {isa = PBXFileReference; explicitFileType = wrapper.cfbundle; includeInIndex = 0; path = SwiftyUITests.xctest; sourceTree = BUILT_PRODUCTS_DIR; };
		75BA2CF62C0E780B0089B70F /* SwiftyUITests.swift */ = {isa = PBXFileReference; lastKnownFileType = sourcecode.swift; path = SwiftyUITests.swift; sourceTree = "<group>"; };
		75BA2CFC2C0E780B0089B70F /* SwiftyUIUITests.xctest */ = {isa = PBXFileReference; explicitFileType = wrapper.cfbundle; includeInIndex = 0; path = SwiftyUIUITests.xctest; sourceTree = BUILT_PRODUCTS_DIR; };
		75BA2D002C0E780B0089B70F /* SwiftyUIUITests.swift */ = {isa = PBXFileReference; lastKnownFileType = sourcecode.swift; path = SwiftyUIUITests.swift; sourceTree = "<group>"; };
		75BA2D022C0E780B0089B70F /* SwiftyUIUITestsLaunchTests.swift */ = {isa = PBXFileReference; lastKnownFileType = sourcecode.swift; path = SwiftyUIUITestsLaunchTests.swift; sourceTree = "<group>"; };
/* End PBXFileReference section */

/* Begin PBXFrameworksBuildPhase section */
		75BA2CDE2C0E780A0089B70F /* Frameworks */ = {
			isa = PBXFrameworksBuildPhase;
			buildActionMask = 2147483647;
			files = (
			);
			runOnlyForDeploymentPostprocessing = 0;
		};
		75BA2CEF2C0E780B0089B70F /* Frameworks */ = {
			isa = PBXFrameworksBuildPhase;
			buildActionMask = 2147483647;
			files = (
			);
			runOnlyForDeploymentPostprocessing = 0;
		};
		75BA2CF92C0E780B0089B70F /* Frameworks */ = {
			isa = PBXFrameworksBuildPhase;
			buildActionMask = 2147483647;
			files = (
			);
			runOnlyForDeploymentPostprocessing = 0;
		};
/* End PBXFrameworksBuildPhase section */

/* Begin PBXGroup section */
		75BA2CD82C0E780A0089B70F = {
			isa = PBXGroup;
			children = (
				75BA2CE32C0E780A0089B70F /* SwiftyUI */,
				75BA2CF52C0E780B0089B70F /* SwiftyUITests */,
				75BA2CFF2C0E780B0089B70F /* SwiftyUIUITests */,
				75BA2CE22C0E780A0089B70F /* Products */,
			);
			sourceTree = "<group>";
		};
		75BA2CE22C0E780A0089B70F /* Products */ = {
			isa = PBXGroup;
			children = (
				75BA2CE12C0E780A0089B70F /* SwiftyUI.app */,
				75BA2CF22C0E780B0089B70F /* SwiftyUITests.xctest */,
				75BA2CFC2C0E780B0089B70F /* SwiftyUIUITests.xctest */,
			);
			name = Products;
			sourceTree = "<group>";
		};
		75BA2CE32C0E780A0089B70F /* SwiftyUI */ = {
			isa = PBXGroup;
			children = (
				75BA2CE42C0E780A0089B70F /* SwiftyUIApp.swift */,
				75BA2CE62C0E780A0089B70F /* ContentView.swift */,
				75BA2CE82C0E780B0089B70F /* Assets.xcassets */,
				75BA2CEA2C0E780B0089B70F /* SwiftyUI.entitlements */,
				75BA2CEB2C0E780B0089B70F /* Preview Content */,
			);
			path = SwiftyUI;
			sourceTree = "<group>";
		};
		75BA2CEB2C0E780B0089B70F /* Preview Content */ = {
			isa = PBXGroup;
			children = (
				75BA2CEC2C0E780B0089B70F /* Preview Assets.xcassets */,
			);
			path = "Preview Content";
			sourceTree = "<group>";
		};
		75BA2CF52C0E780B0089B70F /* SwiftyUITests */ = {
			isa = PBXGroup;
			children = (
				75BA2CF62C0E780B0089B70F /* SwiftyUITests.swift */,
			);
			path = SwiftyUITests;
			sourceTree = "<group>";
		};
		75BA2CFF2C0E780B0089B70F /* SwiftyUIUITests */ = {
			isa = PBXGroup;
			children = (
				75BA2D002C0E780B0089B70F /* SwiftyUIUITests.swift */,
				75BA2D022C0E780B0089B70F /* SwiftyUIUITestsLaunchTests.swift */,
			);
			path = SwiftyUIUITests;
			sourceTree = "<group>";
		};
/* End PBXGroup section */

/* Begin PBXNativeTarget section */
		75BA2CE02C0E780A0089B70F /* SwiftyUI */ = {
			isa = PBXNativeTarget;
			buildConfigurationList = 75BA2D062C0E780B0089B70F /* Build configuration list for PBXNativeTarget "SwiftyUI" */;
			buildPhases = (
				75BA2CDD2C0E780A0089B70F /* Sources */,
				75BA2CDE2C0E780A0089B70F /* Frameworks */,
				75BA2CDF2C0E780A0089B70F /* Resources */,
			);
			buildRules = (
			);
			dependencies = (
			);
			name = SwiftyUI;
			productName = SwiftyUI;
			productReference = 75BA2CE12C0E780A0089B70F /* SwiftyUI.app */;
			productType = "com.apple.product-type.application";
		};
		75BA2CF12C0E780B0089B70F /* SwiftyUITests */ = {
			isa = PBXNativeTarget;
			buildConfigurationList = 75BA2D092C0E780B0089B70F /* Build configuration list for PBXNativeTarget "SwiftyUITests" */;
			buildPhases = (
				75BA2CEE2C0E780B0089B70F /* Sources */,
				75BA2CEF2C0E780B0089B70F /* Frameworks */,
				75BA2CF02C0E780B0089B70F /* Resources */,
			);
			buildRules = (
			);
			dependencies = (
				75BA2CF42C0E780B0089B70F /* PBXTargetDependency */,
			);
			name = SwiftyUITests;
			productName = SwiftyUITests;
			productReference = 75BA2CF22C0E780B0089B70F /* SwiftyUITests.xctest */;
			productType = "com.apple.product-type.bundle.unit-test";
		};
		75BA2CFB2C0E780B0089B70F /* SwiftyUIUITests */ = {
			isa = PBXNativeTarget;
			buildConfigurationList = 75BA2D0C2C0E780B0089B70F /* Build configuration list for PBXNativeTarget "SwiftyUIUITests" */;
			buildPhases = (
				75BA2CF82C0E780B0089B70F /* Sources */,
				75BA2CF92C0E780B0089B70F /* Frameworks */,
				75BA2CFA2C0E780B0089B70F /* Resources */,
			);
			buildRules = (
			);
			dependencies = (
				75BA2CFE2C0E780B0089B70F /* PBXTargetDependency */,
			);
			name = SwiftyUIUITests;
			productName = SwiftyUIUITests;
			productReference = 75BA2CFC2C0E780B0089B70F /* SwiftyUIUITests.xctest */;
			productType = "com.apple.product-type.bundle.ui-testing";
		};
/* End PBXNativeTarget section */

/* Begin PBXProject section */
		75BA2CD92C0E780A0089B70F /* Project object */ = {
			isa = PBXProject;
			attributes = {
				BuildIndependentTargetsInParallel = 1;
				LastSwiftUpdateCheck = 1530;
				LastUpgradeCheck = 1530;
				TargetAttributes = {
					75BA2CE02C0E780A0089B70F = {
						CreatedOnToolsVersion = 15.3;
					};
					75BA2CF12C0E780B0089B70F = {
						CreatedOnToolsVersion = 15.3;
						TestTargetID = 75BA2CE02C0E780A0089B70F;
					};
					75BA2CFB2C0E780B0089B70F = {
						CreatedOnToolsVersion = 15.3;
						TestTargetID = 75BA2CE02C0E780A0089B70F;
					};
				};
			};
			buildConfigurationList = 75BA2CDC2C0E780A0089B70F /* Build configuration list for PBXProject "SwiftyUI" */;
			compatibilityVersion = "Xcode 14.0";
			developmentRegion = en;
			hasScannedForEncodings = 0;
			knownRegions = (
				en,
				Base,
			);
			mainGroup = 75BA2CD82C0E780A0089B70F;
			productRefGroup = 75BA2CE22C0E780A0089B70F /* Products */;
			projectDirPath = "";
			projectRoot = "";
			targets = (
				75BA2CE02C0E780A0089B70F /* SwiftyUI */,
				75BA2CF12C0E780B0089B70F /* SwiftyUITests */,
				75BA2CFB2C0E780B0089B70F /* SwiftyUIUITests */,
			);
		};
/* End PBXProject section */

/* Begin PBXResourcesBuildPhase section */
		75BA2CDF2C0E780A0089B70F /* Resources */ = {
			isa = PBXResourcesBuildPhase;
			buildActionMask = 2147483647;
			files = (
				75BA2CED2C0E780B0089B70F /* Preview Assets.xcassets in Resources */,
				75BA2CE92C0E780B0089B70F /* Assets.xcassets in Resources */,
			);
			runOnlyForDeploymentPostprocessing = 0;
		};
		75BA2CF02C0E780B0089B70F /* Resources */ = {
			isa = PBXResourcesBuildPhase;
			buildActionMask = 2147483647;
			files = (
			);
			runOnlyForDeploymentPostprocessing = 0;
		};
		75BA2CFA2C0E780B0089B70F /* Resources */ = {
			isa = PBXResourcesBuildPhase;
			buildActionMask = 2147483647;
			files = (
			);
			runOnlyForDeploymentPostprocessing = 0;
		};
/* End PBXResourcesBuildPhase section */

/* Begin PBXSourcesBuildPhase section */
		75BA2CDD2C0E780A0089B70F /* Sources */ = {
			isa = PBXSourcesBuildPhase;
			buildActionMask = 2147483647;
			files = (
				75BA2CE72C0E780A0089B70F /* ContentView.swift in Sources */,
				75BA2CE52C0E780A0089B70F /* SwiftyUIApp.swift in Sources */,
			);
			runOnlyForDeploymentPostprocessing = 0;
		};
		75BA2CEE2C0E780B0089B70F /* Sources */ = {
			isa = PBXSourcesBuildPhase;
			buildActionMask = 2147483647;
			files = (
				75BA2CF72C0E780B0089B70F /* SwiftyUITests.swift in Sources */,
			);
			runOnlyForDeploymentPostprocessing = 0;
		};
		75BA2CF82C0E780B0089B70F /* Sources */ = {
			isa = PBXSourcesBuildPhase;
			buildActionMask = 2147483647;
			files = (
				75BA2D032C0E780B0089B70F /* SwiftyUIUITestsLaunchTests.swift in Sources */,
				75BA2D012C0E780B0089B70F /* SwiftyUIUITests.swift in Sources */,
			);
			runOnlyForDeploymentPostprocessing = 0;
		};
/* End PBXSourcesBuildPhase section */

/* Begin PBXTargetDependency section */
		75BA2CF42C0E780B0089B70F /* PBXTargetDependency */ = {
			isa = PBXTargetDependency;
			target = 75BA2CE02C0E780A0089B70F /* SwiftyUI */;
			targetProxy = 75BA2CF32C0E780B0089B70F /* PBXContainerItemProxy */;
		};
		75BA2CFE2C0E780B0089B70F /* PBXTargetDependency */ = {
			isa = PBXTargetDependency;
			target = 75BA2CE02C0E780A0089B70F /* SwiftyUI */;
			targetProxy = 75BA2CFD2C0E780B0089B70F /* PBXContainerItemProxy */;
		};
/* End PBXTargetDependency section */

/* Begin XCBuildConfiguration section */
		75BA2D042C0E780B0089B70F /* Debug */ = {
			isa = XCBuildConfiguration;
			buildSettings = {
				ALWAYS_SEARCH_USER_PATHS = NO;
				ASSETCATALOG_COMPILER_GENERATE_SWIFT_ASSET_SYMBOL_EXTENSIONS = YES;
				CLANG_ANALYZER_NONNULL = YES;
				CLANG_ANALYZER_NUMBER_OBJECT_CONVERSION = YES_AGGRESSIVE;
				CLANG_CXX_LANGUAGE_STANDARD = "gnu++20";
				CLANG_ENABLE_MODULES = YES;
				CLANG_ENABLE_OBJC_ARC = YES;
				CLANG_ENABLE_OBJC_WEAK = YES;
				CLANG_WARN_BLOCK_CAPTURE_AUTORELEASING = YES;
				CLANG_WARN_BOOL_CONVERSION = YES;
				CLANG_WARN_COMMA = YES;
				CLANG_WARN_CONSTANT_CONVERSION = YES;
				CLANG_WARN_DEPRECATED_OBJC_IMPLEMENTATIONS = YES;
				CLANG_WARN_DIRECT_OBJC_ISA_USAGE = YES_ERROR;
				CLANG_WARN_DOCUMENTATION_COMMENTS = YES;
				CLANG_WARN_EMPTY_BODY = YES;
				CLANG_WARN_ENUM_CONVERSION = YES;
				CLANG_WARN_INFINITE_RECURSION = YES;
				CLANG_WARN_INT_CONVERSION = YES;
				CLANG_WARN_NON_LITERAL_NULL_CONVERSION = YES;
				CLANG_WARN_OBJC_IMPLICIT_RETAIN_SELF = YES;
				CLANG_WARN_OBJC_LITERAL_CONVERSION = YES;
				CLANG_WARN_OBJC_ROOT_CLASS = YES_ERROR;
				CLANG_WARN_QUOTED_INCLUDE_IN_FRAMEWORK_HEADER = YES;
				CLANG_WARN_RANGE_LOOP_ANALYSIS = YES;
				CLANG_WARN_STRICT_PROTOTYPES = YES;
				CLANG_WARN_SUSPICIOUS_MOVE = YES;
				CLANG_WARN_UNGUARDED_AVAILABILITY = YES_AGGRESSIVE;
				CLANG_WARN_UNREACHABLE_CODE = YES;
				CLANG_WARN__DUPLICATE_METHOD_MATCH = YES;
				COPY_PHASE_STRIP = NO;
				DEBUG_INFORMATION_FORMAT = dwarf;
				ENABLE_STRICT_OBJC_MSGSEND = YES;
				ENABLE_TESTABILITY = YES;
				ENABLE_USER_SCRIPT_SANDBOXING = YES;
				GCC_C_LANGUAGE_STANDARD = gnu17;
				GCC_DYNAMIC_NO_PIC = NO;
				GCC_NO_COMMON_BLOCKS = YES;
				GCC_OPTIMIZATION_LEVEL = 0;
				GCC_PREPROCESSOR_DEFINITIONS = (
					"DEBUG=1",
					"$(inherited)",
				);
				GCC_WARN_64_TO_32_BIT_CONVERSION = YES;
				GCC_WARN_ABOUT_RETURN_TYPE = YES_ERROR;
				GCC_WARN_UNDECLARED_SELECTOR = YES;
				GCC_WARN_UNINITIALIZED_AUTOS = YES_AGGRESSIVE;
				GCC_WARN_UNUSED_FUNCTION = YES;
				GCC_WARN_UNUSED_VARIABLE = YES;
				LOCALIZATION_PREFERS_STRING_CATALOGS = YES;
				MTL_ENABLE_DEBUG_INFO = INCLUDE_SOURCE;
				MTL_FAST_MATH = YES;
				ONLY_ACTIVE_ARCH = YES;
				SWIFT_ACTIVE_COMPILATION_CONDITIONS = "DEBUG $(inherited)";
				SWIFT_OPTIMIZATION_LEVEL = "-Onone";
			};
			name = Debug;
		};
		75BA2D052C0E780B0089B70F /* Release */ = {
			isa = XCBuildConfiguration;
			buildSettings = {
				ALWAYS_SEARCH_USER_PATHS = NO;
				ASSETCATALOG_COMPILER_GENERATE_SWIFT_ASSET_SYMBOL_EXTENSIONS = YES;
				CLANG_ANALYZER_NONNULL = YES;
				CLANG_ANALYZER_NUMBER_OBJECT_CONVERSION = YES_AGGRESSIVE;
				CLANG_CXX_LANGUAGE_STANDARD = "gnu++20";
				CLANG_ENABLE_MODULES = YES;
				CLANG_ENABLE_OBJC_ARC = YES;
				CLANG_ENABLE_OBJC_WEAK = YES;
				CLANG_WARN_BLOCK_CAPTURE_AUTORELEASING = YES;
				CLANG_WARN_BOOL_CONVERSION = YES;
				CLANG_WARN_COMMA = YES;
				CLANG_WARN_CONSTANT_CONVERSION = YES;
				CLANG_WARN_DEPRECATED_OBJC_IMPLEMENTATIONS = YES;
				CLANG_WARN_DIRECT_OBJC_ISA_USAGE = YES_ERROR;
				CLANG_WARN_DOCUMENTATION_COMMENTS = YES;
				CLANG_WARN_EMPTY_BODY = YES;
				CLANG_WARN_ENUM_CONVERSION = YES;
				CLANG_WARN_INFINITE_RECURSION = YES;
				CLANG_WARN_INT_CONVERSION = YES;
				CLANG_WARN_NON_LITERAL_NULL_CONVERSION = YES;
				CLANG_WARN_OBJC_IMPLICIT_RETAIN_SELF = YES;
				CLANG_WARN_OBJC_LITERAL_CONVERSION = YES;
				CLANG_WARN_OBJC_ROOT_CLASS = YES_ERROR;
				CLANG_WARN_QUOTED_INCLUDE_IN_FRAMEWORK_HEADER = YES;
				CLANG_WARN_RANGE_LOOP_ANALYSIS = YES;
				CLANG_WARN_STRICT_PROTOTYPES = YES;
				CLANG_WARN_SUSPICIOUS_MOVE = YES;
				CLANG_WARN_UNGUARDED_AVAILABILITY = YES_AGGRESSIVE;
				CLANG_WARN_UNREACHABLE_CODE = YES;
				CLANG_WARN__DUPLICATE_METHOD_MATCH = YES;
				COPY_PHASE_STRIP = NO;
				DEBUG_INFORMATION_FORMAT = "dwarf-with-dsym";
				ENABLE_NS_ASSERTIONS = NO;
				ENABLE_STRICT_OBJC_MSGSEND = YES;
				ENABLE_USER_SCRIPT_SANDBOXING = YES;
				GCC_C_LANGUAGE_STANDARD = gnu17;
				GCC_NO_COMMON_BLOCKS = YES;
				GCC_WARN_64_TO_32_BIT_CONVERSION = YES;
				GCC_WARN_ABOUT_RETURN_TYPE = YES_ERROR;
				GCC_WARN_UNDECLARED_SELECTOR = YES;
				GCC_WARN_UNINITIALIZED_AUTOS = YES_AGGRESSIVE;
				GCC_WARN_UNUSED_FUNCTION = YES;
				GCC_WARN_UNUSED_VARIABLE = YES;
				LOCALIZATION_PREFERS_STRING_CATALOGS = YES;
				MTL_ENABLE_DEBUG_INFO = NO;
				MTL_FAST_MATH = YES;
				SWIFT_COMPILATION_MODE = wholemodule;
			};
			name = Release;
		};
		75BA2D072C0E780B0089B70F /* Debug */ = {
			isa = XCBuildConfiguration;
			buildSettings = {
				ASSETCATALOG_COMPILER_APPICON_NAME = AppIcon;
				ASSETCATALOG_COMPILER_GLOBAL_ACCENT_COLOR_NAME = AccentColor;
				CODE_SIGN_ENTITLEMENTS = SwiftyUI/SwiftyUI.entitlements;
				CODE_SIGN_STYLE = Automatic;
				CURRENT_PROJECT_VERSION = 1;
				DEVELOPMENT_ASSET_PATHS = "\"SwiftyUI/Preview Content\"";
				DEVELOPMENT_TEAM = QNK29NH27H;
				ENABLE_HARDENED_RUNTIME = YES;
				ENABLE_PREVIEWS = YES;
				GENERATE_INFOPLIST_FILE = YES;
				"INFOPLIST_KEY_UIApplicationSceneManifest_Generation[sdk=iphoneos*]" = YES;
				"INFOPLIST_KEY_UIApplicationSceneManifest_Generation[sdk=iphonesimulator*]" = YES;
				"INFOPLIST_KEY_UIApplicationSupportsIndirectInputEvents[sdk=iphoneos*]" = YES;
				"INFOPLIST_KEY_UIApplicationSupportsIndirectInputEvents[sdk=iphonesimulator*]" = YES;
				"INFOPLIST_KEY_UILaunchScreen_Generation[sdk=iphoneos*]" = YES;
				"INFOPLIST_KEY_UILaunchScreen_Generation[sdk=iphonesimulator*]" = YES;
				"INFOPLIST_KEY_UIStatusBarStyle[sdk=iphoneos*]" = UIStatusBarStyleDefault;
				"INFOPLIST_KEY_UIStatusBarStyle[sdk=iphonesimulator*]" = UIStatusBarStyleDefault;
				INFOPLIST_KEY_UISupportedInterfaceOrientations_iPad = "UIInterfaceOrientationPortrait UIInterfaceOrientationPortraitUpsideDown UIInterfaceOrientationLandscapeLeft UIInterfaceOrientationLandscapeRight";
				INFOPLIST_KEY_UISupportedInterfaceOrientations_iPhone = "UIInterfaceOrientationPortrait UIInterfaceOrientationLandscapeLeft UIInterfaceOrientationLandscapeRight";
				IPHONEOS_DEPLOYMENT_TARGET = 17.4;
				LD_RUNPATH_SEARCH_PATHS = "@executable_path/Frameworks";
				"LD_RUNPATH_SEARCH_PATHS[sdk=macosx*]" = "@executable_path/../Frameworks";
				MACOSX_DEPLOYMENT_TARGET = 14.4;
				MARKETING_VERSION = 1.0;
				PRODUCT_BUNDLE_IDENTIFIER = com.123.SwiftyUI;
				PRODUCT_NAME = "$(TARGET_NAME)";
				SDKROOT = auto;
				SUPPORTED_PLATFORMS = "iphoneos iphonesimulator macosx";
				SWIFT_EMIT_LOC_STRINGS = YES;
				SWIFT_VERSION = 5.0;
				TARGETED_DEVICE_FAMILY = "1,2";
			};
			name = Debug;
		};
		75BA2D082C0E780B0089B70F /* Release */ = {
			isa = XCBuildConfiguration;
			buildSettings = {
				ASSETCATALOG_COMPILER_APPICON_NAME = AppIcon;
				ASSETCATALOG_COMPILER_GLOBAL_ACCENT_COLOR_NAME = AccentColor;
				CODE_SIGN_ENTITLEMENTS = SwiftyUI/SwiftyUI.entitlements;
				CODE_SIGN_STYLE = Automatic;
				CURRENT_PROJECT_VERSION = 1;
				DEVELOPMENT_ASSET_PATHS = "\"SwiftyUI/Preview Content\"";
				DEVELOPMENT_TEAM = QNK29NH27H;
				ENABLE_HARDENED_RUNTIME = YES;
				ENABLE_PREVIEWS = YES;
				GENERATE_INFOPLIST_FILE = YES;
				"INFOPLIST_KEY_UIApplicationSceneManifest_Generation[sdk=iphoneos*]" = YES;
				"INFOPLIST_KEY_UIApplicationSceneManifest_Generation[sdk=iphonesimulator*]" = YES;
				"INFOPLIST_KEY_UIApplicationSupportsIndirectInputEvents[sdk=iphoneos*]" = YES;
				"INFOPLIST_KEY_UIApplicationSupportsIndirectInputEvents[sdk=iphonesimulator*]" = YES;
				"INFOPLIST_KEY_UILaunchScreen_Generation[sdk=iphoneos*]" = YES;
				"INFOPLIST_KEY_UILaunchScreen_Generation[sdk=iphonesimulator*]" = YES;
				"INFOPLIST_KEY_UIStatusBarStyle[sdk=iphoneos*]" = UIStatusBarStyleDefault;
				"INFOPLIST_KEY_UIStatusBarStyle[sdk=iphonesimulator*]" = UIStatusBarStyleDefault;
				INFOPLIST_KEY_UISupportedInterfaceOrientations_iPad = "UIInterfaceOrientationPortrait UIInterfaceOrientationPortraitUpsideDown UIInterfaceOrientationLandscapeLeft UIInterfaceOrientationLandscapeRight";
				INFOPLIST_KEY_UISupportedInterfaceOrientations_iPhone = "UIInterfaceOrientationPortrait UIInterfaceOrientationLandscapeLeft UIInterfaceOrientationLandscapeRight";
				IPHONEOS_DEPLOYMENT_TARGET = 17.4;
				LD_RUNPATH_SEARCH_PATHS = "@executable_path/Frameworks";
				"LD_RUNPATH_SEARCH_PATHS[sdk=macosx*]" = "@executable_path/../Frameworks";
				MACOSX_DEPLOYMENT_TARGET = 14.4;
				MARKETING_VERSION = 1.0;
				PRODUCT_BUNDLE_IDENTIFIER = com.123.SwiftyUI;
				PRODUCT_NAME = "$(TARGET_NAME)";
				SDKROOT = auto;
				SUPPORTED_PLATFORMS = "iphoneos iphonesimulator macosx";
				SWIFT_EMIT_LOC_STRINGS = YES;
				SWIFT_VERSION = 5.0;
				TARGETED_DEVICE_FAMILY = "1,2";
			};
			name = Release;
		};
		75BA2D0A2C0E780B0089B70F /* Debug */ = {
			isa = XCBuildConfiguration;
			buildSettings = {
				ALWAYS_EMBED_SWIFT_STANDARD_LIBRARIES = YES;
				BUNDLE_LOADER = "$(TEST_HOST)";
				CODE_SIGN_STYLE = Automatic;
				CURRENT_PROJECT_VERSION = 1;
				DEVELOPMENT_TEAM = QNK29NH27H;
				GENERATE_INFOPLIST_FILE = YES;
				IPHONEOS_DEPLOYMENT_TARGET = 17.4;
				MACOSX_DEPLOYMENT_TARGET = 14.4;
				MARKETING_VERSION = 1.0;
				PRODUCT_BUNDLE_IDENTIFIER = com.123.SwiftyUITests;
				PRODUCT_NAME = "$(TARGET_NAME)";
				SDKROOT = auto;
				SUPPORTED_PLATFORMS = "iphoneos iphonesimulator macosx";
				SWIFT_EMIT_LOC_STRINGS = NO;
				SWIFT_VERSION = 5.0;
				TARGETED_DEVICE_FAMILY = "1,2";
				TEST_HOST = "$(BUILT_PRODUCTS_DIR)/SwiftyUI.app/$(BUNDLE_EXECUTABLE_FOLDER_PATH)/SwiftyUI";
			};
			name = Debug;
		};
		75BA2D0B2C0E780B0089B70F /* Release */ = {
			isa = XCBuildConfiguration;
			buildSettings = {
				ALWAYS_EMBED_SWIFT_STANDARD_LIBRARIES = YES;
				BUNDLE_LOADER = "$(TEST_HOST)";
				CODE_SIGN_STYLE = Automatic;
				CURRENT_PROJECT_VERSION = 1;
				DEVELOPMENT_TEAM = QNK29NH27H;
				GENERATE_INFOPLIST_FILE = YES;
				IPHONEOS_DEPLOYMENT_TARGET = 17.4;
				MACOSX_DEPLOYMENT_TARGET = 14.4;
				MARKETING_VERSION = 1.0;
				PRODUCT_BUNDLE_IDENTIFIER = com.123.SwiftyUITests;
				PRODUCT_NAME = "$(TARGET_NAME)";
				SDKROOT = auto;
				SUPPORTED_PLATFORMS = "iphoneos iphonesimulator macosx";
				SWIFT_EMIT_LOC_STRINGS = NO;
				SWIFT_VERSION = 5.0;
				TARGETED_DEVICE_FAMILY = "1,2";
				TEST_HOST = "$(BUILT_PRODUCTS_DIR)/SwiftyUI.app/$(BUNDLE_EXECUTABLE_FOLDER_PATH)/SwiftyUI";
			};
			name = Release;
		};
		75BA2D0D2C0E780B0089B70F /* Debug */ = {
			isa = XCBuildConfiguration;
			buildSettings = {
				ALWAYS_EMBED_SWIFT_STANDARD_LIBRARIES = YES;
				CODE_SIGN_STYLE = Automatic;
				CURRENT_PROJECT_VERSION = 1;
				DEVELOPMENT_TEAM = QNK29NH27H;
				GENERATE_INFOPLIST_FILE = YES;
				IPHONEOS_DEPLOYMENT_TARGET = 17.4;
				MACOSX_DEPLOYMENT_TARGET = 14.4;
				MARKETING_VERSION = 1.0;
				PRODUCT_BUNDLE_IDENTIFIER = com.123.SwiftyUIUITests;
				PRODUCT_NAME = "$(TARGET_NAME)";
				SDKROOT = auto;
				SUPPORTED_PLATFORMS = "iphoneos iphonesimulator macosx";
				SWIFT_EMIT_LOC_STRINGS = NO;
				SWIFT_VERSION = 5.0;
				TARGETED_DEVICE_FAMILY = "1,2";
				TEST_TARGET_NAME = SwiftyUI;
			};
			name = Debug;
		};
		75BA2D0E2C0E780B0089B70F /* Release */ = {
			isa = XCBuildConfiguration;
			buildSettings = {
				ALWAYS_EMBED_SWIFT_STANDARD_LIBRARIES = YES;
				CODE_SIGN_STYLE = Automatic;
				CURRENT_PROJECT_VERSION = 1;
				DEVELOPMENT_TEAM = QNK29NH27H;
				GENERATE_INFOPLIST_FILE = YES;
				IPHONEOS_DEPLOYMENT_TARGET = 17.4;
				MACOSX_DEPLOYMENT_TARGET = 14.4;
				MARKETING_VERSION = 1.0;
				PRODUCT_BUNDLE_IDENTIFIER = com.123.SwiftyUIUITests;
				PRODUCT_NAME = "$(TARGET_NAME)";
				SDKROOT = auto;
				SUPPORTED_PLATFORMS = "iphoneos iphonesimulator macosx";
				SWIFT_EMIT_LOC_STRINGS = NO;
				SWIFT_VERSION = 5.0;
				TARGETED_DEVICE_FAMILY = "1,2";
				TEST_TARGET_NAME = SwiftyUI;
			};
			name = Release;
		};
/* End XCBuildConfiguration section */

/* Begin XCConfigurationList section */
		75BA2CDC2C0E780A0089B70F /* Build configuration list for PBXProject "SwiftyUI" */ = {
			isa = XCConfigurationList;
			buildConfigurations = (
				75BA2D042C0E780B0089B70F /* Debug */,
				75BA2D052C0E780B0089B70F /* Release */,
			);
			defaultConfigurationIsVisible = 0;
			defaultConfigurationName = Release;
		};
		75BA2D062C0E780B0089B70F /* Build configuration list for PBXNativeTarget "SwiftyUI" */ = {
			isa = XCConfigurationList;
			buildConfigurations = (
				75BA2D072C0E780B0089B70F /* Debug */,
				75BA2D082C0E780B0089B70F /* Release */,
			);
			defaultConfigurationIsVisible = 0;
			defaultConfigurationName = Release;
		};
		75BA2D092C0E780B0089B70F /* Build configuration list for PBXNativeTarget "SwiftyUITests" */ = {
			isa = XCConfigurationList;
			buildConfigurations = (
				75BA2D0A2C0E780B0089B70F /* Debug */,
				75BA2D0B2C0E780B0089B70F /* Release */,
			);
			defaultConfigurationIsVisible = 0;
			defaultConfigurationName = Release;
		};
		75BA2D0C2C0E780B0089B70F /* Build configuration list for PBXNativeTarget "SwiftyUIUITests" */ = {
			isa = XCConfigurationList;
			buildConfigurations = (
				75BA2D0D2C0E780B0089B70F /* Debug */,
				75BA2D0E2C0E780B0089B70F /* Release */,
			);
			defaultConfigurationIsVisible = 0;
			defaultConfigurationName = Release;
		};
/* End XCConfigurationList section */
	};
	rootObject = 75BA2CD92C0E780A0089B70F /* Project object */;
}
