// !$*UTF8*$!
{
	archiveVersion = 1;
	classes = {
	};
	objectVersion = 56;
	objects = {

/* Begin PBXBuildFile section */
		75016BC32A52A7B1001AE249 /* CenterContentView.swift in Sources */ = {isa = PBXBuildFile; fileRef = 75016BC22A52A7B1001AE249 /* CenterContentView.swift */; };
		750D45D72A3CCAE000756005 /* GradientLabelView.swift in Sources */ = {isa = PBXBuildFile; fileRef = 750D45D62A3CCAE000756005 /* GradientLabelView.swift */; };
		750D45D92A3CCD4B00756005 /* ShimmerView.swift in Sources */ = {isa = PBXBuildFile; fileRef = 750D45D82A3CCD4B00756005 /* ShimmerView.swift */; };
		750D45DB2A3CCED500756005 /* RedactedView.swift in Sources */ = {isa = PBXBuildFile; fileRef = 750D45DA2A3CCED500756005 /* RedactedView.swift */; };
		750D45DD2A3CF69900756005 /* HorizontalPagingView.swift in Sources */ = {isa = PBXBuildFile; fileRef = 750D45DC2A3CF69900756005 /* HorizontalPagingView.swift */; };
		7512BF892A5B4183001EEB93 /* CardFlipView.swift in Sources */ = {isa = PBXBuildFile; fileRef = 7512BF882A5B4183001EEB93 /* CardFlipView.swift */; };
		7523AAB32A409448006DB270 /* PlaygroundView.swift in Sources */ = {isa = PBXBuildFile; fileRef = 7523AAB22A409448006DB270 /* PlaygroundView.swift */; };
		7523AAB52A409DEA006DB270 /* Ext+Double.swift in Sources */ = {isa = PBXBuildFile; fileRef = 7523AAB42A409DEA006DB270 /* Ext+Double.swift */; };
		753356152A3D7CC000A42D6C /* GridContentView.swift in Sources */ = {isa = PBXBuildFile; fileRef = 753356142A3D7CC000A42D6C /* GridContentView.swift */; };
		753356172A3E157E00A42D6C /* Colors.xcassets in Resources */ = {isa = PBXBuildFile; fileRef = 753356162A3E157E00A42D6C /* Colors.xcassets */; };
		753356192A3E16F700A42D6C /* AppColor.swift in Sources */ = {isa = PBXBuildFile; fileRef = 753356182A3E16F700A42D6C /* AppColor.swift */; };
		753DF0842A5A630E000AC3EC /* MeshGradientCardView.swift in Sources */ = {isa = PBXBuildFile; fileRef = 753DF0832A5A630E000AC3EC /* MeshGradientCardView.swift */; };
		75409B3E2A4E950400347352 /* Ext+Color.swift in Sources */ = {isa = PBXBuildFile; fileRef = 75409B3D2A4E950400347352 /* Ext+Color.swift */; };
		75409B402A4E9F2100347352 /* ViewBuilderExample.swift in Sources */ = {isa = PBXBuildFile; fileRef = 75409B3F2A4E9F2100347352 /* ViewBuilderExample.swift */; };
		75472E1C2A412B6100E822AC /* CustomAlertView.swift in Sources */ = {isa = PBXBuildFile; fileRef = 75472E1B2A412B6100E822AC /* CustomAlertView.swift */; };
		7549FB412A37C875002AEDC5 /* WildButtonView.swift in Sources */ = {isa = PBXBuildFile; fileRef = 7549FB402A37C875002AEDC5 /* WildButtonView.swift */; };
		754B8B6C2A3B685500409582 /* TypewriterContentView.swift in Sources */ = {isa = PBXBuildFile; fileRef = 754B8B6B2A3B685500409582 /* TypewriterContentView.swift */; };
		754B8B702A3B69B200409582 /* ProductionTabBarContentView.swift in Sources */ = {isa = PBXBuildFile; fileRef = 754B8B6F2A3B69B200409582 /* ProductionTabBarContentView.swift */; };
		754B8B722A3B6B3800409582 /* GradientLabel.swift in Sources */ = {isa = PBXBuildFile; fileRef = 754B8B712A3B6B3800409582 /* GradientLabel.swift */; };
		754B8B742A3B6D1900409582 /* StyledLabelButton.swift in Sources */ = {isa = PBXBuildFile; fileRef = 754B8B732A3B6D1900409582 /* StyledLabelButton.swift */; };
		754B8B782A3B70D200409582 /* CustomButton.swift in Sources */ = {isa = PBXBuildFile; fileRef = 754B8B772A3B70D200409582 /* CustomButton.swift */; };
		754B8B7B2A3B729A00409582 /* HapticOption.swift in Sources */ = {isa = PBXBuildFile; fileRef = 754B8B7A2A3B729A00409582 /* HapticOption.swift */; };
		754B8B7D2A3B72B100409582 /* HapticViewModifier.swift in Sources */ = {isa = PBXBuildFile; fileRef = 754B8B7C2A3B72B100409582 /* HapticViewModifier.swift */; };
		754B8B7F2A3B72CD00409582 /* Haptics.swift in Sources */ = {isa = PBXBuildFile; fileRef = 754B8B7E2A3B72CD00409582 /* Haptics.swift */; };
		754DDFC32A58827D00609569 /* AnimatedSearchBarView.swift in Sources */ = {isa = PBXBuildFile; fileRef = 754DDFC22A58827D00609569 /* AnimatedSearchBarView.swift */; };
		75543D202A4605A9008805BD /* ScrollViewPagingAPI.swift in Sources */ = {isa = PBXBuildFile; fileRef = 75543D1F2A4605A9008805BD /* ScrollViewPagingAPI.swift */; };
		7558F8642A4DF846008486A0 /* LongPressContentView.swift in Sources */ = {isa = PBXBuildFile; fileRef = 7558F8632A4DF845008486A0 /* LongPressContentView.swift */; };
		755CCA892A4BA1B60050E7F1 /* ToggleStyles.swift in Sources */ = {isa = PBXBuildFile; fileRef = 755CCA882A4BA1B60050E7F1 /* ToggleStyles.swift */; };
		7565E9AF2A3A0EA60076A362 /* SuperCustomTabBarView.swift in Sources */ = {isa = PBXBuildFile; fileRef = 7565E9AE2A3A0EA60076A362 /* SuperCustomTabBarView.swift */; };
		756B39AA2A58CA380067F9BB /* GradientCardView.swift in Sources */ = {isa = PBXBuildFile; fileRef = 756B39A92A58CA380067F9BB /* GradientCardView.swift */; };
		756D74412A571F1B00DBDBBA /* TimerManager.swift in Sources */ = {isa = PBXBuildFile; fileRef = 756D74402A571F1B00DBDBBA /* TimerManager.swift */; };
		756D74432A571FDF00DBDBBA /* DashProgressCircle.swift in Sources */ = {isa = PBXBuildFile; fileRef = 756D74422A571FDF00DBDBBA /* DashProgressCircle.swift */; };
		756DB1992A40BCFB009D5D01 /* Ext+View.swift in Sources */ = {isa = PBXBuildFile; fileRef = 756DB1982A40BCFB009D5D01 /* Ext+View.swift */; };
		7570703D2A5874FC00BD4098 /* PintrestLayout.swift in Sources */ = {isa = PBXBuildFile; fileRef = 7570703C2A5874FC00BD4098 /* PintrestLayout.swift */; };
		757DE9722A4E2C810099FE6E /* GradientButtonContentView.swift in Sources */ = {isa = PBXBuildFile; fileRef = 757DE9712A4E2C810099FE6E /* GradientButtonContentView.swift */; };
		757DE9742A4E2CB00099FE6E /* TikTokSideWaysContentView.swift in Sources */ = {isa = PBXBuildFile; fileRef = 757DE9732A4E2CB00099FE6E /* TikTokSideWaysContentView.swift */; };
		758B3FE72A4CC11C00C624A8 /* CurrentOffsetScrollView.swift in Sources */ = {isa = PBXBuildFile; fileRef = 758B3FE62A4CC11C00C624A8 /* CurrentOffsetScrollView.swift */; };
		759383CC2A3622F20016EA29 /* SwiftUITestApp.swift in Sources */ = {isa = PBXBuildFile; fileRef = 759383CB2A3622F20016EA29 /* SwiftUITestApp.swift */; };
		759383CE2A3622F20016EA29 /* FirstPlaygroundView.swift in Sources */ = {isa = PBXBuildFile; fileRef = 759383CD2A3622F20016EA29 /* FirstPlaygroundView.swift */; };
		759383D02A3622F30016EA29 /* Assets.xcassets in Resources */ = {isa = PBXBuildFile; fileRef = 759383CF2A3622F30016EA29 /* Assets.xcassets */; };
		759383D32A3622F30016EA29 /* Preview Assets.xcassets in Resources */ = {isa = PBXBuildFile; fileRef = 759383D22A3622F30016EA29 /* Preview Assets.xcassets */; };
		759383DD2A3622F30016EA29 /* SwiftUITestTests.swift in Sources */ = {isa = PBXBuildFile; fileRef = 759383DC2A3622F30016EA29 /* SwiftUITestTests.swift */; };
		759383E72A3622F30016EA29 /* SwiftUITestUITests.swift in Sources */ = {isa = PBXBuildFile; fileRef = 759383E62A3622F30016EA29 /* SwiftUITestUITests.swift */; };
		759383E92A3622F30016EA29 /* SwiftUITestUITestsLaunchTests.swift in Sources */ = {isa = PBXBuildFile; fileRef = 759383E82A3622F30016EA29 /* SwiftUITestUITestsLaunchTests.swift */; };
		7594FCB82A4734FE00EBB605 /* CustomTextView.swift in Sources */ = {isa = PBXBuildFile; fileRef = 7594FCB72A4734FE00EBB605 /* CustomTextView.swift */; };
		7594FCBA2A474AAC00EBB605 /* Ext+UIApplication.swift in Sources */ = {isa = PBXBuildFile; fileRef = 7594FCB92A474AAC00EBB605 /* Ext+UIApplication.swift */; };
		75988F752A3A543C007EF7C6 /* NewCustomTabBarView.swift in Sources */ = {isa = PBXBuildFile; fileRef = 75988F742A3A543C007EF7C6 /* NewCustomTabBarView.swift */; };
		759CFADF2A3924DD006C0DC4 /* GridView.swift in Sources */ = {isa = PBXBuildFile; fileRef = 759CFADE2A3924DD006C0DC4 /* GridView.swift */; };
		759CFAE12A39897B006C0DC4 /* CustomProgressBar.swift in Sources */ = {isa = PBXBuildFile; fileRef = 759CFAE02A39897B006C0DC4 /* CustomProgressBar.swift */; };
		759CFAE32A398D4A006C0DC4 /* CustomTabBarView.swift in Sources */ = {isa = PBXBuildFile; fileRef = 759CFAE22A398D4A006C0DC4 /* CustomTabBarView.swift */; };
		75A68B962A4E403E00646C00 /* NeonGlowContentView.swift in Sources */ = {isa = PBXBuildFile; fileRef = 75A68B952A4E403E00646C00 /* NeonGlowContentView.swift */; };
		75AB52BD2A4352B5001E086E /* HomePageView.swift in Sources */ = {isa = PBXBuildFile; fileRef = 75AB52BC2A4352B5001E086E /* HomePageView.swift */; };
		75ABC68F2A51E8DF00633F78 /* SplashScreenView.swift in Sources */ = {isa = PBXBuildFile; fileRef = 75ABC68E2A51E8DF00633F78 /* SplashScreenView.swift */; };
		75ABC6922A51EBCB00633F78 /* LaunchScreenService.swift in Sources */ = {isa = PBXBuildFile; fileRef = 75ABC6912A51EBCB00633F78 /* LaunchScreenService.swift */; };
		75ABC6942A52360A00633F78 /* SplashScreenItem.swift in Sources */ = {isa = PBXBuildFile; fileRef = 75ABC6932A52360A00633F78 /* SplashScreenItem.swift */; };
		75ACB9042A3BB77C0007338E /* SafariWebView.swift in Sources */ = {isa = PBXBuildFile; fileRef = 75ACB9032A3BB77C0007338E /* SafariWebView.swift */; };
		75B2DA782A5752B500A52E22 /* AdaptiveGridView.swift in Sources */ = {isa = PBXBuildFile; fileRef = 75B2DA772A5752B500A52E22 /* AdaptiveGridView.swift */; };
		75B2DA7A2A57592E00A52E22 /* NewStretchyHeaderView.swift in Sources */ = {isa = PBXBuildFile; fileRef = 75B2DA792A57592E00A52E22 /* NewStretchyHeaderView.swift */; };
		75B5A8852A3BD96700378C7B /* ZoomView.swift in Sources */ = {isa = PBXBuildFile; fileRef = 75B5A8842A3BD96700378C7B /* ZoomView.swift */; };
		75B5A8872A3C0EB600378C7B /* DevToolsView.swift in Sources */ = {isa = PBXBuildFile; fileRef = 75B5A8862A3C0EB600378C7B /* DevToolsView.swift */; };
		75B85B7A2A452B5B0014112F /* BackgroundTestView.swift in Sources */ = {isa = PBXBuildFile; fileRef = 75B85B792A452B5B0014112F /* BackgroundTestView.swift */; };
		75BBCBFA2A4C6D7300DD03C2 /* BlurContentView.swift in Sources */ = {isa = PBXBuildFile; fileRef = 75BBCBF92A4C6D7300DD03C2 /* BlurContentView.swift */; };
		75C29F692A4A9F71003859B7 /* TikTokView.swift in Sources */ = {isa = PBXBuildFile; fileRef = 75C29F682A4A9F71003859B7 /* TikTokView.swift */; };
		75C5EE3A2A49E79B00FA9056 /* OnboardingViewCarousel.swift in Sources */ = {isa = PBXBuildFile; fileRef = 75C5EE392A49E79B00FA9056 /* OnboardingViewCarousel.swift */; };
		75CB8C372A3A716600CE192D /* TypewriterView.swift in Sources */ = {isa = PBXBuildFile; fileRef = 75CB8C362A3A716600CE192D /* TypewriterView.swift */; };
		75D122682A3F62050024E60C /* TokenView.swift in Sources */ = {isa = PBXBuildFile; fileRef = 75D122672A3F62050024E60C /* TokenView.swift */; };
		75DD42B12A4BA615002E9E92 /* Ext+NavigationController.swift in Sources */ = {isa = PBXBuildFile; fileRef = 75DD42B02A4BA615002E9E92 /* Ext+NavigationController.swift */; };
		75E0F4512A55DE34000AAC5A /* CombineInputView.swift in Sources */ = {isa = PBXBuildFile; fileRef = 75E0F4502A55DE34000AAC5A /* CombineInputView.swift */; };
		75E888B42A41F75600F6B52A /* SideMenuView.swift in Sources */ = {isa = PBXBuildFile; fileRef = 75E888B32A41F75600F6B52A /* SideMenuView.swift */; };
		75E888B62A41F76700F6B52A /* SideMenuParentContentView.swift in Sources */ = {isa = PBXBuildFile; fileRef = 75E888B52A41F76700F6B52A /* SideMenuParentContentView.swift */; };
		75E888B82A41F8D200F6B52A /* SideMenuHeaderView.swift in Sources */ = {isa = PBXBuildFile; fileRef = 75E888B72A41F8D200F6B52A /* SideMenuHeaderView.swift */; };
		75E888BA2A41FAD200F6B52A /* SideMenuOptionView.swift in Sources */ = {isa = PBXBuildFile; fileRef = 75E888B92A41FAD200F6B52A /* SideMenuOptionView.swift */; };
		75E888BC2A41FFB900F6B52A /* MenuOption.swift in Sources */ = {isa = PBXBuildFile; fileRef = 75E888BB2A41FFB900F6B52A /* MenuOption.swift */; };
		75E8C1FB2A4A292B00C3A564 /* AnimationView.swift in Sources */ = {isa = PBXBuildFile; fileRef = 75E8C1FA2A4A292B00C3A564 /* AnimationView.swift */; };
		75ED4F0E2A38D81D00B7091C /* SocialMediaView.swift in Sources */ = {isa = PBXBuildFile; fileRef = 75ED4F0D2A38D81D00B7091C /* SocialMediaView.swift */; };
		75F9F96A2A5725260073F61A /* NuemorphicProgressCircleView.swift in Sources */ = {isa = PBXBuildFile; fileRef = 75F9F9692A5725260073F61A /* NuemorphicProgressCircleView.swift */; };
/* End PBXBuildFile section */

/* Begin PBXContainerItemProxy section */
		759383D92A3622F30016EA29 /* PBXContainerItemProxy */ = {
			isa = PBXContainerItemProxy;
			containerPortal = 759383C02A3622F20016EA29 /* Project object */;
			proxyType = 1;
			remoteGlobalIDString = 759383C72A3622F20016EA29;
			remoteInfo = SwiftUITest;
		};
		759383E32A3622F30016EA29 /* PBXContainerItemProxy */ = {
			isa = PBXContainerItemProxy;
			containerPortal = 759383C02A3622F20016EA29 /* Project object */;
			proxyType = 1;
			remoteGlobalIDString = 759383C72A3622F20016EA29;
			remoteInfo = SwiftUITest;
		};
/* End PBXContainerItemProxy section */

/* Begin PBXFileReference section */
		75016BC22A52A7B1001AE249 /* CenterContentView.swift */ = {isa = PBXFileReference; lastKnownFileType = sourcecode.swift; path = CenterContentView.swift; sourceTree = "<group>"; };
		750D45D62A3CCAE000756005 /* GradientLabelView.swift */ = {isa = PBXFileReference; lastKnownFileType = sourcecode.swift; path = GradientLabelView.swift; sourceTree = "<group>"; };
		750D45D82A3CCD4B00756005 /* ShimmerView.swift */ = {isa = PBXFileReference; lastKnownFileType = sourcecode.swift; path = ShimmerView.swift; sourceTree = "<group>"; };
		750D45DA2A3CCED500756005 /* RedactedView.swift */ = {isa = PBXFileReference; lastKnownFileType = sourcecode.swift; path = RedactedView.swift; sourceTree = "<group>"; };
		750D45DC2A3CF69900756005 /* HorizontalPagingView.swift */ = {isa = PBXFileReference; lastKnownFileType = sourcecode.swift; path = HorizontalPagingView.swift; sourceTree = "<group>"; };
		7512BF882A5B4183001EEB93 /* CardFlipView.swift */ = {isa = PBXFileReference; lastKnownFileType = sourcecode.swift; path = CardFlipView.swift; sourceTree = "<group>"; };
		7523AAB22A409448006DB270 /* PlaygroundView.swift */ = {isa = PBXFileReference; lastKnownFileType = sourcecode.swift; path = PlaygroundView.swift; sourceTree = "<group>"; };
		7523AAB42A409DEA006DB270 /* Ext+Double.swift */ = {isa = PBXFileReference; lastKnownFileType = sourcecode.swift; path = "Ext+Double.swift"; sourceTree = "<group>"; };
		753356142A3D7CC000A42D6C /* GridContentView.swift */ = {isa = PBXFileReference; lastKnownFileType = sourcecode.swift; path = GridContentView.swift; sourceTree = "<group>"; };
		753356162A3E157E00A42D6C /* Colors.xcassets */ = {isa = PBXFileReference; lastKnownFileType = folder.assetcatalog; path = Colors.xcassets; sourceTree = "<group>"; };
		753356182A3E16F700A42D6C /* AppColor.swift */ = {isa = PBXFileReference; lastKnownFileType = sourcecode.swift; path = AppColor.swift; sourceTree = "<group>"; };
		753DF0832A5A630E000AC3EC /* MeshGradientCardView.swift */ = {isa = PBXFileReference; lastKnownFileType = sourcecode.swift; path = MeshGradientCardView.swift; sourceTree = "<group>"; };
		75409B3D2A4E950400347352 /* Ext+Color.swift */ = {isa = PBXFileReference; lastKnownFileType = sourcecode.swift; path = "Ext+Color.swift"; sourceTree = "<group>"; };
		75409B3F2A4E9F2100347352 /* ViewBuilderExample.swift */ = {isa = PBXFileReference; lastKnownFileType = sourcecode.swift; path = ViewBuilderExample.swift; sourceTree = "<group>"; };
		75472E1B2A412B6100E822AC /* CustomAlertView.swift */ = {isa = PBXFileReference; lastKnownFileType = sourcecode.swift; path = CustomAlertView.swift; sourceTree = "<group>"; };
		7549FB402A37C875002AEDC5 /* WildButtonView.swift */ = {isa = PBXFileReference; lastKnownFileType = sourcecode.swift; path = WildButtonView.swift; sourceTree = "<group>"; };
		754B8B6B2A3B685500409582 /* TypewriterContentView.swift */ = {isa = PBXFileReference; lastKnownFileType = sourcecode.swift; path = TypewriterContentView.swift; sourceTree = "<group>"; };
		754B8B6F2A3B69B200409582 /* ProductionTabBarContentView.swift */ = {isa = PBXFileReference; lastKnownFileType = sourcecode.swift; path = ProductionTabBarContentView.swift; sourceTree = "<group>"; };
		754B8B712A3B6B3800409582 /* GradientLabel.swift */ = {isa = PBXFileReference; lastKnownFileType = sourcecode.swift; path = GradientLabel.swift; sourceTree = "<group>"; };
		754B8B732A3B6D1900409582 /* StyledLabelButton.swift */ = {isa = PBXFileReference; lastKnownFileType = sourcecode.swift; path = StyledLabelButton.swift; sourceTree = "<group>"; };
		754B8B772A3B70D200409582 /* CustomButton.swift */ = {isa = PBXFileReference; lastKnownFileType = sourcecode.swift; path = CustomButton.swift; sourceTree = "<group>"; };
		754B8B7A2A3B729A00409582 /* HapticOption.swift */ = {isa = PBXFileReference; lastKnownFileType = sourcecode.swift; path = HapticOption.swift; sourceTree = "<group>"; };
		754B8B7C2A3B72B100409582 /* HapticViewModifier.swift */ = {isa = PBXFileReference; lastKnownFileType = sourcecode.swift; path = HapticViewModifier.swift; sourceTree = "<group>"; };
		754B8B7E2A3B72CD00409582 /* Haptics.swift */ = {isa = PBXFileReference; lastKnownFileType = sourcecode.swift; path = Haptics.swift; sourceTree = "<group>"; };
		754DDFC22A58827D00609569 /* AnimatedSearchBarView.swift */ = {isa = PBXFileReference; lastKnownFileType = sourcecode.swift; path = AnimatedSearchBarView.swift; sourceTree = "<group>"; };
		75543D1F2A4605A9008805BD /* ScrollViewPagingAPI.swift */ = {isa = PBXFileReference; lastKnownFileType = sourcecode.swift; path = ScrollViewPagingAPI.swift; sourceTree = "<group>"; };
		7558F8632A4DF845008486A0 /* LongPressContentView.swift */ = {isa = PBXFileReference; lastKnownFileType = sourcecode.swift; path = LongPressContentView.swift; sourceTree = "<group>"; };
		755CCA882A4BA1B60050E7F1 /* ToggleStyles.swift */ = {isa = PBXFileReference; lastKnownFileType = sourcecode.swift; path = ToggleStyles.swift; sourceTree = "<group>"; };
		7565E9AE2A3A0EA60076A362 /* SuperCustomTabBarView.swift */ = {isa = PBXFileReference; lastKnownFileType = sourcecode.swift; path = SuperCustomTabBarView.swift; sourceTree = "<group>"; };
		756B39A92A58CA380067F9BB /* GradientCardView.swift */ = {isa = PBXFileReference; lastKnownFileType = sourcecode.swift; path = GradientCardView.swift; sourceTree = "<group>"; };
		756D74402A571F1B00DBDBBA /* TimerManager.swift */ = {isa = PBXFileReference; lastKnownFileType = sourcecode.swift; path = TimerManager.swift; sourceTree = "<group>"; };
		756D74422A571FDF00DBDBBA /* DashProgressCircle.swift */ = {isa = PBXFileReference; lastKnownFileType = sourcecode.swift; path = DashProgressCircle.swift; sourceTree = "<group>"; };
		756DB1982A40BCFB009D5D01 /* Ext+View.swift */ = {isa = PBXFileReference; lastKnownFileType = sourcecode.swift; path = "Ext+View.swift"; sourceTree = "<group>"; };
		7570703C2A5874FC00BD4098 /* PintrestLayout.swift */ = {isa = PBXFileReference; lastKnownFileType = sourcecode.swift; path = PintrestLayout.swift; sourceTree = "<group>"; };
		757DE9712A4E2C810099FE6E /* GradientButtonContentView.swift */ = {isa = PBXFileReference; lastKnownFileType = sourcecode.swift; path = GradientButtonContentView.swift; sourceTree = "<group>"; };
		757DE9732A4E2CB00099FE6E /* TikTokSideWaysContentView.swift */ = {isa = PBXFileReference; lastKnownFileType = sourcecode.swift; path = TikTokSideWaysContentView.swift; sourceTree = "<group>"; };
		758B3FE62A4CC11C00C624A8 /* CurrentOffsetScrollView.swift */ = {isa = PBXFileReference; lastKnownFileType = sourcecode.swift; path = CurrentOffsetScrollView.swift; sourceTree = "<group>"; };
		759383C82A3622F20016EA29 /* SwiftUITest.app */ = {isa = PBXFileReference; explicitFileType = wrapper.application; includeInIndex = 0; path = SwiftUITest.app; sourceTree = BUILT_PRODUCTS_DIR; };
		759383CB2A3622F20016EA29 /* SwiftUITestApp.swift */ = {isa = PBXFileReference; lastKnownFileType = sourcecode.swift; path = SwiftUITestApp.swift; sourceTree = "<group>"; };
		759383CD2A3622F20016EA29 /* FirstPlaygroundView.swift */ = {isa = PBXFileReference; lastKnownFileType = sourcecode.swift; path = FirstPlaygroundView.swift; sourceTree = "<group>"; };
		759383CF2A3622F30016EA29 /* Assets.xcassets */ = {isa = PBXFileReference; lastKnownFileType = folder.assetcatalog; path = Assets.xcassets; sourceTree = "<group>"; };
		759383D22A3622F30016EA29 /* Preview Assets.xcassets */ = {isa = PBXFileReference; lastKnownFileType = folder.assetcatalog; path = "Preview Assets.xcassets"; sourceTree = "<group>"; };
		759383D82A3622F30016EA29 /* SwiftUITestTests.xctest */ = {isa = PBXFileReference; explicitFileType = wrapper.cfbundle; includeInIndex = 0; path = SwiftUITestTests.xctest; sourceTree = BUILT_PRODUCTS_DIR; };
		759383DC2A3622F30016EA29 /* SwiftUITestTests.swift */ = {isa = PBXFileReference; lastKnownFileType = sourcecode.swift; path = SwiftUITestTests.swift; sourceTree = "<group>"; };
		759383E22A3622F30016EA29 /* SwiftUITestUITests.xctest */ = {isa = PBXFileReference; explicitFileType = wrapper.cfbundle; includeInIndex = 0; path = SwiftUITestUITests.xctest; sourceTree = BUILT_PRODUCTS_DIR; };
		759383E62A3622F30016EA29 /* SwiftUITestUITests.swift */ = {isa = PBXFileReference; lastKnownFileType = sourcecode.swift; path = SwiftUITestUITests.swift; sourceTree = "<group>"; };
		759383E82A3622F30016EA29 /* SwiftUITestUITestsLaunchTests.swift */ = {isa = PBXFileReference; lastKnownFileType = sourcecode.swift; path = SwiftUITestUITestsLaunchTests.swift; sourceTree = "<group>"; };
		7594FCB72A4734FE00EBB605 /* CustomTextView.swift */ = {isa = PBXFileReference; lastKnownFileType = sourcecode.swift; path = CustomTextView.swift; sourceTree = "<group>"; };
		7594FCB92A474AAC00EBB605 /* Ext+UIApplication.swift */ = {isa = PBXFileReference; lastKnownFileType = sourcecode.swift; path = "Ext+UIApplication.swift"; sourceTree = "<group>"; };
		75988F742A3A543C007EF7C6 /* NewCustomTabBarView.swift */ = {isa = PBXFileReference; lastKnownFileType = sourcecode.swift; path = NewCustomTabBarView.swift; sourceTree = "<group>"; };
		759CFADE2A3924DD006C0DC4 /* GridView.swift */ = {isa = PBXFileReference; lastKnownFileType = sourcecode.swift; path = GridView.swift; sourceTree = "<group>"; };
		759CFAE02A39897B006C0DC4 /* CustomProgressBar.swift */ = {isa = PBXFileReference; lastKnownFileType = sourcecode.swift; path = CustomProgressBar.swift; sourceTree = "<group>"; };
		759CFAE22A398D4A006C0DC4 /* CustomTabBarView.swift */ = {isa = PBXFileReference; lastKnownFileType = sourcecode.swift; path = CustomTabBarView.swift; sourceTree = "<group>"; };
		75A68B952A4E403E00646C00 /* NeonGlowContentView.swift */ = {isa = PBXFileReference; lastKnownFileType = sourcecode.swift; path = NeonGlowContentView.swift; sourceTree = "<group>"; };
		75AB52BC2A4352B5001E086E /* HomePageView.swift */ = {isa = PBXFileReference; lastKnownFileType = sourcecode.swift; path = HomePageView.swift; sourceTree = "<group>"; };
		75ABC68E2A51E8DF00633F78 /* SplashScreenView.swift */ = {isa = PBXFileReference; lastKnownFileType = sourcecode.swift; path = SplashScreenView.swift; sourceTree = "<group>"; };
		75ABC6912A51EBCB00633F78 /* LaunchScreenService.swift */ = {isa = PBXFileReference; lastKnownFileType = sourcecode.swift; path = LaunchScreenService.swift; sourceTree = "<group>"; };
		75ABC6932A52360A00633F78 /* SplashScreenItem.swift */ = {isa = PBXFileReference; lastKnownFileType = sourcecode.swift; path = SplashScreenItem.swift; sourceTree = "<group>"; };
		75ACB9032A3BB77C0007338E /* SafariWebView.swift */ = {isa = PBXFileReference; lastKnownFileType = sourcecode.swift; path = SafariWebView.swift; sourceTree = "<group>"; };
		75B2DA772A5752B500A52E22 /* AdaptiveGridView.swift */ = {isa = PBXFileReference; lastKnownFileType = sourcecode.swift; path = AdaptiveGridView.swift; sourceTree = "<group>"; };
		75B2DA792A57592E00A52E22 /* NewStretchyHeaderView.swift */ = {isa = PBXFileReference; lastKnownFileType = sourcecode.swift; path = NewStretchyHeaderView.swift; sourceTree = "<group>"; };
		75B5A8842A3BD96700378C7B /* ZoomView.swift */ = {isa = PBXFileReference; lastKnownFileType = sourcecode.swift; path = ZoomView.swift; sourceTree = "<group>"; };
		75B5A8862A3C0EB600378C7B /* DevToolsView.swift */ = {isa = PBXFileReference; lastKnownFileType = sourcecode.swift; path = DevToolsView.swift; sourceTree = "<group>"; };
		75B85B792A452B5B0014112F /* BackgroundTestView.swift */ = {isa = PBXFileReference; lastKnownFileType = sourcecode.swift; path = BackgroundTestView.swift; sourceTree = "<group>"; };
		75BBCBF92A4C6D7300DD03C2 /* BlurContentView.swift */ = {isa = PBXFileReference; lastKnownFileType = sourcecode.swift; path = BlurContentView.swift; sourceTree = "<group>"; };
		75C29F682A4A9F71003859B7 /* TikTokView.swift */ = {isa = PBXFileReference; lastKnownFileType = sourcecode.swift; path = TikTokView.swift; sourceTree = "<group>"; };
		75C5EE392A49E79B00FA9056 /* OnboardingViewCarousel.swift */ = {isa = PBXFileReference; lastKnownFileType = sourcecode.swift; path = OnboardingViewCarousel.swift; sourceTree = "<group>"; };
		75CB8C362A3A716600CE192D /* TypewriterView.swift */ = {isa = PBXFileReference; lastKnownFileType = sourcecode.swift; path = TypewriterView.swift; sourceTree = "<group>"; };
		75D122672A3F62050024E60C /* TokenView.swift */ = {isa = PBXFileReference; lastKnownFileType = sourcecode.swift; path = TokenView.swift; sourceTree = "<group>"; };
		75DD42B02A4BA615002E9E92 /* Ext+NavigationController.swift */ = {isa = PBXFileReference; lastKnownFileType = sourcecode.swift; path = "Ext+NavigationController.swift"; sourceTree = "<group>"; };
		75E0F4502A55DE34000AAC5A /* CombineInputView.swift */ = {isa = PBXFileReference; lastKnownFileType = sourcecode.swift; path = CombineInputView.swift; sourceTree = "<group>"; };
		75E888B32A41F75600F6B52A /* SideMenuView.swift */ = {isa = PBXFileReference; lastKnownFileType = sourcecode.swift; path = SideMenuView.swift; sourceTree = "<group>"; };
		75E888B52A41F76700F6B52A /* SideMenuParentContentView.swift */ = {isa = PBXFileReference; lastKnownFileType = sourcecode.swift; path = SideMenuParentContentView.swift; sourceTree = "<group>"; };
		75E888B72A41F8D200F6B52A /* SideMenuHeaderView.swift */ = {isa = PBXFileReference; lastKnownFileType = sourcecode.swift; path = SideMenuHeaderView.swift; sourceTree = "<group>"; };
		75E888B92A41FAD200F6B52A /* SideMenuOptionView.swift */ = {isa = PBXFileReference; lastKnownFileType = sourcecode.swift; path = SideMenuOptionView.swift; sourceTree = "<group>"; };
		75E888BB2A41FFB900F6B52A /* MenuOption.swift */ = {isa = PBXFileReference; lastKnownFileType = sourcecode.swift; path = MenuOption.swift; sourceTree = "<group>"; };
		75E8C1FA2A4A292B00C3A564 /* AnimationView.swift */ = {isa = PBXFileReference; lastKnownFileType = sourcecode.swift; path = AnimationView.swift; sourceTree = "<group>"; };
		75ED4F0D2A38D81D00B7091C /* SocialMediaView.swift */ = {isa = PBXFileReference; lastKnownFileType = sourcecode.swift; path = SocialMediaView.swift; sourceTree = "<group>"; };
		75F9F9692A5725260073F61A /* NuemorphicProgressCircleView.swift */ = {isa = PBXFileReference; lastKnownFileType = sourcecode.swift; path = NuemorphicProgressCircleView.swift; sourceTree = "<group>"; };
/* End PBXFileReference section */

/* Begin PBXFrameworksBuildPhase section */
		759383C52A3622F20016EA29 /* Frameworks */ = {
			isa = PBXFrameworksBuildPhase;
			buildActionMask = 2147483647;
			files = (
			);
			runOnlyForDeploymentPostprocessing = 0;
		};
		759383D52A3622F30016EA29 /* Frameworks */ = {
			isa = PBXFrameworksBuildPhase;
			buildActionMask = 2147483647;
			files = (
			);
			runOnlyForDeploymentPostprocessing = 0;
		};
		759383DF2A3622F30016EA29 /* Frameworks */ = {
			isa = PBXFrameworksBuildPhase;
			buildActionMask = 2147483647;
			files = (
			);
			runOnlyForDeploymentPostprocessing = 0;
		};
/* End PBXFrameworksBuildPhase section */

/* Begin PBXGroup section */
		7523AAB62A40A2C8006DB270 /* Extensions */ = {
			isa = PBXGroup;
			children = (
				756DB1982A40BCFB009D5D01 /* Ext+View.swift */,
				75409B3D2A4E950400347352 /* Ext+Color.swift */,
				7523AAB42A409DEA006DB270 /* Ext+Double.swift */,
				7594FCB92A474AAC00EBB605 /* Ext+UIApplication.swift */,
				75DD42B02A4BA615002E9E92 /* Ext+NavigationController.swift */,
			);
			path = Extensions;
			sourceTree = "<group>";
		};
		7523AAB72A40A2D6006DB270 /* Views */ = {
			isa = PBXGroup;
			children = (
				75ABC6902A51EAC000633F78 /* SplashScreen */,
				75E888B22A41F74700F6B52A /* SideMenu */,
				7523AABA2A40A36B006DB270 /* Sandbox */,
				75472E1B2A412B6100E822AC /* CustomAlertView.swift */,
				75AB52BC2A4352B5001E086E /* HomePageView.swift */,
				75B85B792A452B5B0014112F /* BackgroundTestView.swift */,
				75543D1F2A4605A9008805BD /* ScrollViewPagingAPI.swift */,
				7594FCB72A4734FE00EBB605 /* CustomTextView.swift */,
				75C5EE392A49E79B00FA9056 /* OnboardingViewCarousel.swift */,
				75E8C1FA2A4A292B00C3A564 /* AnimationView.swift */,
				75C29F682A4A9F71003859B7 /* TikTokView.swift */,
				757DE9732A4E2CB00099FE6E /* TikTokSideWaysContentView.swift */,
				7523AAB22A409448006DB270 /* PlaygroundView.swift */,
				755CCA882A4BA1B60050E7F1 /* ToggleStyles.swift */,
				75BBCBF92A4C6D7300DD03C2 /* BlurContentView.swift */,
				758B3FE62A4CC11C00C624A8 /* CurrentOffsetScrollView.swift */,
				7558F8632A4DF845008486A0 /* LongPressContentView.swift */,
				757DE9712A4E2C810099FE6E /* GradientButtonContentView.swift */,
				75A68B952A4E403E00646C00 /* NeonGlowContentView.swift */,
				753356142A3D7CC000A42D6C /* GridContentView.swift */,
				75B5A8842A3BD96700378C7B /* ZoomView.swift */,
				75B5A8862A3C0EB600378C7B /* DevToolsView.swift */,
				750D45D62A3CCAE000756005 /* GradientLabelView.swift */,
				750D45DA2A3CCED500756005 /* RedactedView.swift */,
				750D45DC2A3CF69900756005 /* HorizontalPagingView.swift */,
				75D122672A3F62050024E60C /* TokenView.swift */,
				754B8B6E2A3B686C00409582 /* TypewriterPlayground */,
			);
			path = Views;
			sourceTree = "<group>";
		};
		7523AAB82A40A2E3006DB270 /* Helpers */ = {
			isa = PBXGroup;
			children = (
				753356182A3E16F700A42D6C /* AppColor.swift */,
			);
			path = Helpers;
			sourceTree = "<group>";
		};
		7523AAB92A40A332006DB270 /* TabBar */ = {
			isa = PBXGroup;
			children = (
				754B8B6F2A3B69B200409582 /* ProductionTabBarContentView.swift */,
				75988F742A3A543C007EF7C6 /* NewCustomTabBarView.swift */,
			);
			path = TabBar;
			sourceTree = "<group>";
		};
		7523AABA2A40A36B006DB270 /* Sandbox */ = {
			isa = PBXGroup;
			children = (
				754B8B762A3B6F0600409582 /* FirstTimeViews */,
				754B8B6D2A3B686000409582 /* TabBarPlayground */,
			);
			path = Sandbox;
			sourceTree = "<group>";
		};
		754B8B6D2A3B686000409582 /* TabBarPlayground */ = {
			isa = PBXGroup;
			children = (
				7565E9AE2A3A0EA60076A362 /* SuperCustomTabBarView.swift */,
				759CFAE22A398D4A006C0DC4 /* CustomTabBarView.swift */,
			);
			path = TabBarPlayground;
			sourceTree = "<group>";
		};
		754B8B6E2A3B686C00409582 /* TypewriterPlayground */ = {
			isa = PBXGroup;
			children = (
				754B8B6B2A3B685500409582 /* TypewriterContentView.swift */,
				75CB8C362A3A716600CE192D /* TypewriterView.swift */,
			);
			name = TypewriterPlayground;
			path = ..;
			sourceTree = "<group>";
		};
		754B8B752A3B6D2100409582 /* Components */ = {
			isa = PBXGroup;
			children = (
				754B8B792A3B729000409582 /* Haptic */,
				7523AAB92A40A332006DB270 /* TabBar */,
				756D743F2A571F0800DBDBBA /* CicularProgressBar */,
				754B8B712A3B6B3800409582 /* GradientLabel.swift */,
				759CFAE02A39897B006C0DC4 /* CustomProgressBar.swift */,
				754B8B732A3B6D1900409582 /* StyledLabelButton.swift */,
				754B8B772A3B70D200409582 /* CustomButton.swift */,
				75ACB9032A3BB77C0007338E /* SafariWebView.swift */,
				750D45D82A3CCD4B00756005 /* ShimmerView.swift */,
			);
			path = Components;
			sourceTree = "<group>";
		};
		754B8B762A3B6F0600409582 /* FirstTimeViews */ = {
			isa = PBXGroup;
			children = (
				759383CD2A3622F20016EA29 /* FirstPlaygroundView.swift */,
				75ED4F0D2A38D81D00B7091C /* SocialMediaView.swift */,
				759CFADE2A3924DD006C0DC4 /* GridView.swift */,
				7549FB402A37C875002AEDC5 /* WildButtonView.swift */,
			);
			path = FirstTimeViews;
			sourceTree = "<group>";
		};
		754B8B792A3B729000409582 /* Haptic */ = {
			isa = PBXGroup;
			children = (
				754B8B7A2A3B729A00409582 /* HapticOption.swift */,
				754B8B7C2A3B72B100409582 /* HapticViewModifier.swift */,
				754B8B7E2A3B72CD00409582 /* Haptics.swift */,
			);
			path = Haptic;
			sourceTree = "<group>";
		};
		756D743F2A571F0800DBDBBA /* CicularProgressBar */ = {
			isa = PBXGroup;
			children = (
				756D74402A571F1B00DBDBBA /* TimerManager.swift */,
				756D74422A571FDF00DBDBBA /* DashProgressCircle.swift */,
				75F9F9692A5725260073F61A /* NuemorphicProgressCircleView.swift */,
			);
			path = CicularProgressBar;
			sourceTree = "<group>";
		};
		759383BF2A3622F20016EA29 = {
			isa = PBXGroup;
			children = (
				759383CA2A3622F20016EA29 /* SwiftUITest */,
				759383CF2A3622F30016EA29 /* Assets.xcassets */,
				753356162A3E157E00A42D6C /* Colors.xcassets */,
				759383DB2A3622F30016EA29 /* SwiftUITestTests */,
				759383E52A3622F30016EA29 /* SwiftUITestUITests */,
				759383C92A3622F20016EA29 /* Products */,
			);
			sourceTree = "<group>";
		};
		759383C92A3622F20016EA29 /* Products */ = {
			isa = PBXGroup;
			children = (
				759383C82A3622F20016EA29 /* SwiftUITest.app */,
				759383D82A3622F30016EA29 /* SwiftUITestTests.xctest */,
				759383E22A3622F30016EA29 /* SwiftUITestUITests.xctest */,
			);
			name = Products;
			sourceTree = "<group>";
		};
		759383CA2A3622F20016EA29 /* SwiftUITest */ = {
			isa = PBXGroup;
			children = (
				759383CB2A3622F20016EA29 /* SwiftUITestApp.swift */,
				75409B3F2A4E9F2100347352 /* ViewBuilderExample.swift */,
				754B8B752A3B6D2100409582 /* Components */,
				7523AAB72A40A2D6006DB270 /* Views */,
				7523AAB82A40A2E3006DB270 /* Helpers */,
				7523AAB62A40A2C8006DB270 /* Extensions */,
				759383D12A3622F30016EA29 /* Preview Content */,
				75016BC22A52A7B1001AE249 /* CenterContentView.swift */,
				75E0F4502A55DE34000AAC5A /* CombineInputView.swift */,
				75B2DA772A5752B500A52E22 /* AdaptiveGridView.swift */,
				75B2DA792A57592E00A52E22 /* NewStretchyHeaderView.swift */,
				7570703C2A5874FC00BD4098 /* PintrestLayout.swift */,
				754DDFC22A58827D00609569 /* AnimatedSearchBarView.swift */,
				756B39A92A58CA380067F9BB /* GradientCardView.swift */,
				753DF0832A5A630E000AC3EC /* MeshGradientCardView.swift */,
				7512BF882A5B4183001EEB93 /* CardFlipView.swift */,
			);
			path = SwiftUITest;
			sourceTree = "<group>";
		};
		759383D12A3622F30016EA29 /* Preview Content */ = {
			isa = PBXGroup;
			children = (
				759383D22A3622F30016EA29 /* Preview Assets.xcassets */,
			);
			path = "Preview Content";
			sourceTree = "<group>";
		};
		759383DB2A3622F30016EA29 /* SwiftUITestTests */ = {
			isa = PBXGroup;
			children = (
				759383DC2A3622F30016EA29 /* SwiftUITestTests.swift */,
			);
			path = SwiftUITestTests;
			sourceTree = "<group>";
		};
		759383E52A3622F30016EA29 /* SwiftUITestUITests */ = {
			isa = PBXGroup;
			children = (
				759383E62A3622F30016EA29 /* SwiftUITestUITests.swift */,
				759383E82A3622F30016EA29 /* SwiftUITestUITestsLaunchTests.swift */,
			);
			path = SwiftUITestUITests;
			sourceTree = "<group>";
		};
		75ABC6902A51EAC000633F78 /* SplashScreen */ = {
			isa = PBXGroup;
			children = (
				75ABC6912A51EBCB00633F78 /* LaunchScreenService.swift */,
				75ABC68E2A51E8DF00633F78 /* SplashScreenView.swift */,
				75ABC6932A52360A00633F78 /* SplashScreenItem.swift */,
			);
			path = SplashScreen;
			sourceTree = "<group>";
		};
		75E888B22A41F74700F6B52A /* SideMenu */ = {
			isa = PBXGroup;
			children = (
				75E888B52A41F76700F6B52A /* SideMenuParentContentView.swift */,
				75E888B32A41F75600F6B52A /* SideMenuView.swift */,
				75E888B72A41F8D200F6B52A /* SideMenuHeaderView.swift */,
				75E888B92A41FAD200F6B52A /* SideMenuOptionView.swift */,
				75E888BB2A41FFB900F6B52A /* MenuOption.swift */,
			);
			path = SideMenu;
			sourceTree = "<group>";
		};
/* End PBXGroup section */

/* Begin PBXNativeTarget section */
		759383C72A3622F20016EA29 /* SwiftUITest */ = {
			isa = PBXNativeTarget;
			buildConfigurationList = 759383EC2A3622F30016EA29 /* Build configuration list for PBXNativeTarget "SwiftUITest" */;
			buildPhases = (
				759383C42A3622F20016EA29 /* Sources */,
				759383C52A3622F20016EA29 /* Frameworks */,
				759383C62A3622F20016EA29 /* Resources */,
			);
			buildRules = (
			);
			dependencies = (
			);
			name = SwiftUITest;
			productName = SwiftUITest;
			productReference = 759383C82A3622F20016EA29 /* SwiftUITest.app */;
			productType = "com.apple.product-type.application";
		};
		759383D72A3622F30016EA29 /* SwiftUITestTests */ = {
			isa = PBXNativeTarget;
			buildConfigurationList = 759383EF2A3622F30016EA29 /* Build configuration list for PBXNativeTarget "SwiftUITestTests" */;
			buildPhases = (
				759383D42A3622F30016EA29 /* Sources */,
				759383D52A3622F30016EA29 /* Frameworks */,
				759383D62A3622F30016EA29 /* Resources */,
			);
			buildRules = (
			);
			dependencies = (
				759383DA2A3622F30016EA29 /* PBXTargetDependency */,
			);
			name = SwiftUITestTests;
			productName = SwiftUITestTests;
			productReference = 759383D82A3622F30016EA29 /* SwiftUITestTests.xctest */;
			productType = "com.apple.product-type.bundle.unit-test";
		};
		759383E12A3622F30016EA29 /* SwiftUITestUITests */ = {
			isa = PBXNativeTarget;
			buildConfigurationList = 759383F22A3622F30016EA29 /* Build configuration list for PBXNativeTarget "SwiftUITestUITests" */;
			buildPhases = (
				759383DE2A3622F30016EA29 /* Sources */,
				759383DF2A3622F30016EA29 /* Frameworks */,
				759383E02A3622F30016EA29 /* Resources */,
			);
			buildRules = (
			);
			dependencies = (
				759383E42A3622F30016EA29 /* PBXTargetDependency */,
			);
			name = SwiftUITestUITests;
			productName = SwiftUITestUITests;
			productReference = 759383E22A3622F30016EA29 /* SwiftUITestUITests.xctest */;
			productType = "com.apple.product-type.bundle.ui-testing";
		};
/* End PBXNativeTarget section */

/* Begin PBXProject section */
		759383C02A3622F20016EA29 /* Project object */ = {
			isa = PBXProject;
			attributes = {
				BuildIndependentTargetsInParallel = 1;
				LastSwiftUpdateCheck = 1430;
				LastUpgradeCheck = 1430;
				TargetAttributes = {
					759383C72A3622F20016EA29 = {
						CreatedOnToolsVersion = 14.3;
					};
					759383D72A3622F30016EA29 = {
						CreatedOnToolsVersion = 14.3;
						TestTargetID = 759383C72A3622F20016EA29;
					};
					759383E12A3622F30016EA29 = {
						CreatedOnToolsVersion = 14.3;
						TestTargetID = 759383C72A3622F20016EA29;
					};
				};
			};
			buildConfigurationList = 759383C32A3622F20016EA29 /* Build configuration list for PBXProject "SwiftUITest" */;
			compatibilityVersion = "Xcode 14.0";
			developmentRegion = en;
			hasScannedForEncodings = 0;
			knownRegions = (
				en,
				Base,
			);
			mainGroup = 759383BF2A3622F20016EA29;
			productRefGroup = 759383C92A3622F20016EA29 /* Products */;
			projectDirPath = "";
			projectRoot = "";
			targets = (
				759383C72A3622F20016EA29 /* SwiftUITest */,
				759383D72A3622F30016EA29 /* SwiftUITestTests */,
				759383E12A3622F30016EA29 /* SwiftUITestUITests */,
			);
		};
/* End PBXProject section */

/* Begin PBXResourcesBuildPhase section */
		759383C62A3622F20016EA29 /* Resources */ = {
			isa = PBXResourcesBuildPhase;
			buildActionMask = 2147483647;
			files = (
				753356172A3E157E00A42D6C /* Colors.xcassets in Resources */,
				759383D32A3622F30016EA29 /* Preview Assets.xcassets in Resources */,
				759383D02A3622F30016EA29 /* Assets.xcassets in Resources */,
			);
			runOnlyForDeploymentPostprocessing = 0;
		};
		759383D62A3622F30016EA29 /* Resources */ = {
			isa = PBXResourcesBuildPhase;
			buildActionMask = 2147483647;
			files = (
			);
			runOnlyForDeploymentPostprocessing = 0;
		};
		759383E02A3622F30016EA29 /* Resources */ = {
			isa = PBXResourcesBuildPhase;
			buildActionMask = 2147483647;
			files = (
			);
			runOnlyForDeploymentPostprocessing = 0;
		};
/* End PBXResourcesBuildPhase section */

/* Begin PBXSourcesBuildPhase section */
		759383C42A3622F20016EA29 /* Sources */ = {
			isa = PBXSourcesBuildPhase;
			buildActionMask = 2147483647;
			files = (
				75B2DA782A5752B500A52E22 /* AdaptiveGridView.swift in Sources */,
				754B8B7F2A3B72CD00409582 /* Haptics.swift in Sources */,
				754B8B722A3B6B3800409582 /* GradientLabel.swift in Sources */,
				759CFAE32A398D4A006C0DC4 /* CustomTabBarView.swift in Sources */,
				7549FB412A37C875002AEDC5 /* WildButtonView.swift in Sources */,
				753356152A3D7CC000A42D6C /* GridContentView.swift in Sources */,
				750D45DB2A3CCED500756005 /* RedactedView.swift in Sources */,
				754DDFC32A58827D00609569 /* AnimatedSearchBarView.swift in Sources */,
				75988F752A3A543C007EF7C6 /* NewCustomTabBarView.swift in Sources */,
				75ABC68F2A51E8DF00633F78 /* SplashScreenView.swift in Sources */,
				75ABC6922A51EBCB00633F78 /* LaunchScreenService.swift in Sources */,
				75B5A8852A3BD96700378C7B /* ZoomView.swift in Sources */,
				756B39AA2A58CA380067F9BB /* GradientCardView.swift in Sources */,
				7523AAB32A409448006DB270 /* PlaygroundView.swift in Sources */,
				75C5EE3A2A49E79B00FA9056 /* OnboardingViewCarousel.swift in Sources */,
				754B8B7D2A3B72B100409582 /* HapticViewModifier.swift in Sources */,
				7570703D2A5874FC00BD4098 /* PintrestLayout.swift in Sources */,
				7512BF892A5B4183001EEB93 /* CardFlipView.swift in Sources */,
				75409B402A4E9F2100347352 /* ViewBuilderExample.swift in Sources */,
				75BBCBFA2A4C6D7300DD03C2 /* BlurContentView.swift in Sources */,
				75F9F96A2A5725260073F61A /* NuemorphicProgressCircleView.swift in Sources */,
				759CFAE12A39897B006C0DC4 /* CustomProgressBar.swift in Sources */,
				75A68B962A4E403E00646C00 /* NeonGlowContentView.swift in Sources */,
				75D122682A3F62050024E60C /* TokenView.swift in Sources */,
				7558F8642A4DF846008486A0 /* LongPressContentView.swift in Sources */,
				75C29F692A4A9F71003859B7 /* TikTokView.swift in Sources */,
				750D45D92A3CCD4B00756005 /* ShimmerView.swift in Sources */,
				759383CE2A3622F20016EA29 /* FirstPlaygroundView.swift in Sources */,
				750D45D72A3CCAE000756005 /* GradientLabelView.swift in Sources */,
				75E888B82A41F8D200F6B52A /* SideMenuHeaderView.swift in Sources */,
				75409B3E2A4E950400347352 /* Ext+Color.swift in Sources */,
				7594FCB82A4734FE00EBB605 /* CustomTextView.swift in Sources */,
				75E888B42A41F75600F6B52A /* SideMenuView.swift in Sources */,
				75E888BA2A41FAD200F6B52A /* SideMenuOptionView.swift in Sources */,
				75E888B62A41F76700F6B52A /* SideMenuParentContentView.swift in Sources */,
				758B3FE72A4CC11C00C624A8 /* CurrentOffsetScrollView.swift in Sources */,
				75CB8C372A3A716600CE192D /* TypewriterView.swift in Sources */,
				755CCA892A4BA1B60050E7F1 /* ToggleStyles.swift in Sources */,
				754B8B6C2A3B685500409582 /* TypewriterContentView.swift in Sources */,
				756DB1992A40BCFB009D5D01 /* Ext+View.swift in Sources */,
				756D74432A571FDF00DBDBBA /* DashProgressCircle.swift in Sources */,
				75DD42B12A4BA615002E9E92 /* Ext+NavigationController.swift in Sources */,
				754B8B702A3B69B200409582 /* ProductionTabBarContentView.swift in Sources */,
				753DF0842A5A630E000AC3EC /* MeshGradientCardView.swift in Sources */,
				757DE9722A4E2C810099FE6E /* GradientButtonContentView.swift in Sources */,
				75ACB9042A3BB77C0007338E /* SafariWebView.swift in Sources */,
				754B8B742A3B6D1900409582 /* StyledLabelButton.swift in Sources */,
				75B85B7A2A452B5B0014112F /* BackgroundTestView.swift in Sources */,
				757DE9742A4E2CB00099FE6E /* TikTokSideWaysContentView.swift in Sources */,
				75ED4F0E2A38D81D00B7091C /* SocialMediaView.swift in Sources */,
				753356192A3E16F700A42D6C /* AppColor.swift in Sources */,
				75E888BC2A41FFB900F6B52A /* MenuOption.swift in Sources */,
				75B5A8872A3C0EB600378C7B /* DevToolsView.swift in Sources */,
				75543D202A4605A9008805BD /* ScrollViewPagingAPI.swift in Sources */,
				75B2DA7A2A57592E00A52E22 /* NewStretchyHeaderView.swift in Sources */,
				750D45DD2A3CF69900756005 /* HorizontalPagingView.swift in Sources */,
				7523AAB52A409DEA006DB270 /* Ext+Double.swift in Sources */,
				756D74412A571F1B00DBDBBA /* TimerManager.swift in Sources */,
				759CFADF2A3924DD006C0DC4 /* GridView.swift in Sources */,
				75016BC32A52A7B1001AE249 /* CenterContentView.swift in Sources */,
				75AB52BD2A4352B5001E086E /* HomePageView.swift in Sources */,
				759383CC2A3622F20016EA29 /* SwiftUITestApp.swift in Sources */,
				75ABC6942A52360A00633F78 /* SplashScreenItem.swift in Sources */,
				75E0F4512A55DE34000AAC5A /* CombineInputView.swift in Sources */,
				7565E9AF2A3A0EA60076A362 /* SuperCustomTabBarView.swift in Sources */,
				754B8B782A3B70D200409582 /* CustomButton.swift in Sources */,
				75472E1C2A412B6100E822AC /* CustomAlertView.swift in Sources */,
				75E8C1FB2A4A292B00C3A564 /* AnimationView.swift in Sources */,
				7594FCBA2A474AAC00EBB605 /* Ext+UIApplication.swift in Sources */,
				754B8B7B2A3B729A00409582 /* HapticOption.swift in Sources */,
			);
			runOnlyForDeploymentPostprocessing = 0;
		};
		759383D42A3622F30016EA29 /* Sources */ = {
			isa = PBXSourcesBuildPhase;
			buildActionMask = 2147483647;
			files = (
				759383DD2A3622F30016EA29 /* SwiftUITestTests.swift in Sources */,
			);
			runOnlyForDeploymentPostprocessing = 0;
		};
		759383DE2A3622F30016EA29 /* Sources */ = {
			isa = PBXSourcesBuildPhase;
			buildActionMask = 2147483647;
			files = (
				759383E92A3622F30016EA29 /* SwiftUITestUITestsLaunchTests.swift in Sources */,
				759383E72A3622F30016EA29 /* SwiftUITestUITests.swift in Sources */,
			);
			runOnlyForDeploymentPostprocessing = 0;
		};
/* End PBXSourcesBuildPhase section */

/* Begin PBXTargetDependency section */
		759383DA2A3622F30016EA29 /* PBXTargetDependency */ = {
			isa = PBXTargetDependency;
			target = 759383C72A3622F20016EA29 /* SwiftUITest */;
			targetProxy = 759383D92A3622F30016EA29 /* PBXContainerItemProxy */;
		};
		759383E42A3622F30016EA29 /* PBXTargetDependency */ = {
			isa = PBXTargetDependency;
			target = 759383C72A3622F20016EA29 /* SwiftUITest */;
			targetProxy = 759383E32A3622F30016EA29 /* PBXContainerItemProxy */;
		};
/* End PBXTargetDependency section */

/* Begin XCBuildConfiguration section */
		759383EA2A3622F30016EA29 /* Debug */ = {
			isa = XCBuildConfiguration;
			buildSettings = {
				ALWAYS_SEARCH_USER_PATHS = NO;
				CLANG_ANALYZER_NONNULL = YES;
				CLANG_ANALYZER_NUMBER_OBJECT_CONVERSION = YES_AGGRESSIVE;
				CLANG_CXX_LANGUAGE_STANDARD = "gnu++20";
				CLANG_ENABLE_MODULES = YES;
				CLANG_ENABLE_OBJC_ARC = YES;
				CLANG_ENABLE_OBJC_WEAK = YES;
				CLANG_WARN_BLOCK_CAPTURE_AUTORELEASING = YES;
				CLANG_WARN_BOOL_CONVERSION = YES;
				CLANG_WARN_COMMA = YES;
				CLANG_WARN_CONSTANT_CONVERSION = YES;
				CLANG_WARN_DEPRECATED_OBJC_IMPLEMENTATIONS = YES;
				CLANG_WARN_DIRECT_OBJC_ISA_USAGE = YES_ERROR;
				CLANG_WARN_DOCUMENTATION_COMMENTS = YES;
				CLANG_WARN_EMPTY_BODY = YES;
				CLANG_WARN_ENUM_CONVERSION = YES;
				CLANG_WARN_INFINITE_RECURSION = YES;
				CLANG_WARN_INT_CONVERSION = YES;
				CLANG_WARN_NON_LITERAL_NULL_CONVERSION = YES;
				CLANG_WARN_OBJC_IMPLICIT_RETAIN_SELF = YES;
				CLANG_WARN_OBJC_LITERAL_CONVERSION = YES;
				CLANG_WARN_OBJC_ROOT_CLASS = YES_ERROR;
				CLANG_WARN_QUOTED_INCLUDE_IN_FRAMEWORK_HEADER = YES;
				CLANG_WARN_RANGE_LOOP_ANALYSIS = YES;
				CLANG_WARN_STRICT_PROTOTYPES = YES;
				CLANG_WARN_SUSPICIOUS_MOVE = YES;
				CLANG_WARN_UNGUARDED_AVAILABILITY = YES_AGGRESSIVE;
				CLANG_WARN_UNREACHABLE_CODE = YES;
				CLANG_WARN__DUPLICATE_METHOD_MATCH = YES;
				COPY_PHASE_STRIP = NO;
				DEBUG_INFORMATION_FORMAT = dwarf;
				ENABLE_STRICT_OBJC_MSGSEND = YES;
				ENABLE_TESTABILITY = YES;
				GCC_C_LANGUAGE_STANDARD = gnu11;
				GCC_DYNAMIC_NO_PIC = NO;
				GCC_NO_COMMON_BLOCKS = YES;
				GCC_OPTIMIZATION_LEVEL = 0;
				GCC_PREPROCESSOR_DEFINITIONS = (
					"DEBUG=1",
					"$(inherited)",
				);
				GCC_WARN_64_TO_32_BIT_CONVERSION = YES;
				GCC_WARN_ABOUT_RETURN_TYPE = YES_ERROR;
				GCC_WARN_UNDECLARED_SELECTOR = YES;
				GCC_WARN_UNINITIALIZED_AUTOS = YES_AGGRESSIVE;
				GCC_WARN_UNUSED_FUNCTION = YES;
				GCC_WARN_UNUSED_VARIABLE = YES;
				IPHONEOS_DEPLOYMENT_TARGET = 16.4;
				MTL_ENABLE_DEBUG_INFO = INCLUDE_SOURCE;
				MTL_FAST_MATH = YES;
				ONLY_ACTIVE_ARCH = YES;
				SDKROOT = iphoneos;
				SWIFT_ACTIVE_COMPILATION_CONDITIONS = DEBUG;
				SWIFT_OPTIMIZATION_LEVEL = "-Onone";
			};
			name = Debug;
		};
		759383EB2A3622F30016EA29 /* Release */ = {
			isa = XCBuildConfiguration;
			buildSettings = {
				ALWAYS_SEARCH_USER_PATHS = NO;
				CLANG_ANALYZER_NONNULL = YES;
				CLANG_ANALYZER_NUMBER_OBJECT_CONVERSION = YES_AGGRESSIVE;
				CLANG_CXX_LANGUAGE_STANDARD = "gnu++20";
				CLANG_ENABLE_MODULES = YES;
				CLANG_ENABLE_OBJC_ARC = YES;
				CLANG_ENABLE_OBJC_WEAK = YES;
				CLANG_WARN_BLOCK_CAPTURE_AUTORELEASING = YES;
				CLANG_WARN_BOOL_CONVERSION = YES;
				CLANG_WARN_COMMA = YES;
				CLANG_WARN_CONSTANT_CONVERSION = YES;
				CLANG_WARN_DEPRECATED_OBJC_IMPLEMENTATIONS = YES;
				CLANG_WARN_DIRECT_OBJC_ISA_USAGE = YES_ERROR;
				CLANG_WARN_DOCUMENTATION_COMMENTS = YES;
				CLANG_WARN_EMPTY_BODY = YES;
				CLANG_WARN_ENUM_CONVERSION = YES;
				CLANG_WARN_INFINITE_RECURSION = YES;
				CLANG_WARN_INT_CONVERSION = YES;
				CLANG_WARN_NON_LITERAL_NULL_CONVERSION = YES;
				CLANG_WARN_OBJC_IMPLICIT_RETAIN_SELF = YES;
				CLANG_WARN_OBJC_LITERAL_CONVERSION = YES;
				CLANG_WARN_OBJC_ROOT_CLASS = YES_ERROR;
				CLANG_WARN_QUOTED_INCLUDE_IN_FRAMEWORK_HEADER = YES;
				CLANG_WARN_RANGE_LOOP_ANALYSIS = YES;
				CLANG_WARN_STRICT_PROTOTYPES = YES;
				CLANG_WARN_SUSPICIOUS_MOVE = YES;
				CLANG_WARN_UNGUARDED_AVAILABILITY = YES_AGGRESSIVE;
				CLANG_WARN_UNREACHABLE_CODE = YES;
				CLANG_WARN__DUPLICATE_METHOD_MATCH = YES;
				COPY_PHASE_STRIP = NO;
				DEBUG_INFORMATION_FORMAT = "dwarf-with-dsym";
				ENABLE_NS_ASSERTIONS = NO;
				ENABLE_STRICT_OBJC_MSGSEND = YES;
				GCC_C_LANGUAGE_STANDARD = gnu11;
				GCC_NO_COMMON_BLOCKS = YES;
				GCC_WARN_64_TO_32_BIT_CONVERSION = YES;
				GCC_WARN_ABOUT_RETURN_TYPE = YES_ERROR;
				GCC_WARN_UNDECLARED_SELECTOR = YES;
				GCC_WARN_UNINITIALIZED_AUTOS = YES_AGGRESSIVE;
				GCC_WARN_UNUSED_FUNCTION = YES;
				GCC_WARN_UNUSED_VARIABLE = YES;
				IPHONEOS_DEPLOYMENT_TARGET = 16.4;
				MTL_ENABLE_DEBUG_INFO = NO;
				MTL_FAST_MATH = YES;
				SDKROOT = iphoneos;
				SWIFT_COMPILATION_MODE = wholemodule;
				SWIFT_OPTIMIZATION_LEVEL = "-O";
				VALIDATE_PRODUCT = YES;
			};
			name = Release;
		};
		759383ED2A3622F30016EA29 /* Debug */ = {
			isa = XCBuildConfiguration;
			buildSettings = {
				ASSETCATALOG_COMPILER_APPICON_NAME = AppIcon;
				ASSETCATALOG_COMPILER_GLOBAL_ACCENT_COLOR_NAME = AccentColor;
				CODE_SIGN_STYLE = Automatic;
				CURRENT_PROJECT_VERSION = 1;
				DEVELOPMENT_ASSET_PATHS = "\"SwiftUITest/Preview Content\"";
				DEVELOPMENT_TEAM = QNK29NH27H;
				ENABLE_PREVIEWS = YES;
				GENERATE_INFOPLIST_FILE = YES;
				INFOPLIST_KEY_UIApplicationSceneManifest_Generation = YES;
				INFOPLIST_KEY_UIApplicationSupportsIndirectInputEvents = YES;
				INFOPLIST_KEY_UILaunchScreen_Generation = YES;
				INFOPLIST_KEY_UISupportedInterfaceOrientations_iPad = "UIInterfaceOrientationPortrait UIInterfaceOrientationPortraitUpsideDown UIInterfaceOrientationLandscapeLeft UIInterfaceOrientationLandscapeRight";
				INFOPLIST_KEY_UISupportedInterfaceOrientations_iPhone = "UIInterfaceOrientationPortrait UIInterfaceOrientationLandscapeLeft UIInterfaceOrientationLandscapeRight";
				IPHONEOS_DEPLOYMENT_TARGET = 17.0;
				LD_RUNPATH_SEARCH_PATHS = (
					"$(inherited)",
					"@executable_path/Frameworks",
				);
				MARKETING_VERSION = 1.0;
				PRODUCT_BUNDLE_IDENTIFIER = picker.SwiftUITest;
				PRODUCT_NAME = "$(TARGET_NAME)";
				SWIFT_EMIT_LOC_STRINGS = YES;
				SWIFT_VERSION = 5.0;
				TARGETED_DEVICE_FAMILY = "1,2";
			};
			name = Debug;
		};
		759383EE2A3622F30016EA29 /* Release */ = {
			isa = XCBuildConfiguration;
			buildSettings = {
				ASSETCATALOG_COMPILER_APPICON_NAME = AppIcon;
				ASSETCATALOG_COMPILER_GLOBAL_ACCENT_COLOR_NAME = AccentColor;
				CODE_SIGN_STYLE = Automatic;
				CURRENT_PROJECT_VERSION = 1;
				DEVELOPMENT_ASSET_PATHS = "\"SwiftUITest/Preview Content\"";
				DEVELOPMENT_TEAM = QNK29NH27H;
				ENABLE_PREVIEWS = YES;
				GENERATE_INFOPLIST_FILE = YES;
				INFOPLIST_KEY_UIApplicationSceneManifest_Generation = YES;
				INFOPLIST_KEY_UIApplicationSupportsIndirectInputEvents = YES;
				INFOPLIST_KEY_UILaunchScreen_Generation = YES;
				INFOPLIST_KEY_UISupportedInterfaceOrientations_iPad = "UIInterfaceOrientationPortrait UIInterfaceOrientationPortraitUpsideDown UIInterfaceOrientationLandscapeLeft UIInterfaceOrientationLandscapeRight";
				INFOPLIST_KEY_UISupportedInterfaceOrientations_iPhone = "UIInterfaceOrientationPortrait UIInterfaceOrientationLandscapeLeft UIInterfaceOrientationLandscapeRight";
				IPHONEOS_DEPLOYMENT_TARGET = 17.0;
				LD_RUNPATH_SEARCH_PATHS = (
					"$(inherited)",
					"@executable_path/Frameworks",
				);
				MARKETING_VERSION = 1.0;
				PRODUCT_BUNDLE_IDENTIFIER = picker.SwiftUITest;
				PRODUCT_NAME = "$(TARGET_NAME)";
				SWIFT_EMIT_LOC_STRINGS = YES;
				SWIFT_VERSION = 5.0;
				TARGETED_DEVICE_FAMILY = "1,2";
			};
			name = Release;
		};
		759383F02A3622F30016EA29 /* Debug */ = {
			isa = XCBuildConfiguration;
			buildSettings = {
				ALWAYS_EMBED_SWIFT_STANDARD_LIBRARIES = YES;
				BUNDLE_LOADER = "$(TEST_HOST)";
				CODE_SIGN_STYLE = Automatic;
				CURRENT_PROJECT_VERSION = 1;
				DEVELOPMENT_TEAM = QNK29NH27H;
				GENERATE_INFOPLIST_FILE = YES;
				IPHONEOS_DEPLOYMENT_TARGET = 16.4;
				MARKETING_VERSION = 1.0;
				PRODUCT_BUNDLE_IDENTIFIER = picker.SwiftUITestTests;
				PRODUCT_NAME = "$(TARGET_NAME)";
				SWIFT_EMIT_LOC_STRINGS = NO;
				SWIFT_VERSION = 5.0;
				TARGETED_DEVICE_FAMILY = "1,2";
				TEST_HOST = "$(BUILT_PRODUCTS_DIR)/SwiftUITest.app/$(BUNDLE_EXECUTABLE_FOLDER_PATH)/SwiftUITest";
			};
			name = Debug;
		};
		759383F12A3622F30016EA29 /* Release */ = {
			isa = XCBuildConfiguration;
			buildSettings = {
				ALWAYS_EMBED_SWIFT_STANDARD_LIBRARIES = YES;
				BUNDLE_LOADER = "$(TEST_HOST)";
				CODE_SIGN_STYLE = Automatic;
				CURRENT_PROJECT_VERSION = 1;
				DEVELOPMENT_TEAM = QNK29NH27H;
				GENERATE_INFOPLIST_FILE = YES;
				IPHONEOS_DEPLOYMENT_TARGET = 16.4;
				MARKETING_VERSION = 1.0;
				PRODUCT_BUNDLE_IDENTIFIER = picker.SwiftUITestTests;
				PRODUCT_NAME = "$(TARGET_NAME)";
				SWIFT_EMIT_LOC_STRINGS = NO;
				SWIFT_VERSION = 5.0;
				TARGETED_DEVICE_FAMILY = "1,2";
				TEST_HOST = "$(BUILT_PRODUCTS_DIR)/SwiftUITest.app/$(BUNDLE_EXECUTABLE_FOLDER_PATH)/SwiftUITest";
			};
			name = Release;
		};
		759383F32A3622F30016EA29 /* Debug */ = {
			isa = XCBuildConfiguration;
			buildSettings = {
				ALWAYS_EMBED_SWIFT_STANDARD_LIBRARIES = YES;
				CODE_SIGN_STYLE = Automatic;
				CURRENT_PROJECT_VERSION = 1;
				DEVELOPMENT_TEAM = QNK29NH27H;
				GENERATE_INFOPLIST_FILE = YES;
				MARKETING_VERSION = 1.0;
				PRODUCT_BUNDLE_IDENTIFIER = picker.SwiftUITestUITests;
				PRODUCT_NAME = "$(TARGET_NAME)";
				SWIFT_EMIT_LOC_STRINGS = NO;
				SWIFT_VERSION = 5.0;
				TARGETED_DEVICE_FAMILY = "1,2";
				TEST_TARGET_NAME = SwiftUITest;
			};
			name = Debug;
		};
		759383F42A3622F30016EA29 /* Release */ = {
			isa = XCBuildConfiguration;
			buildSettings = {
				ALWAYS_EMBED_SWIFT_STANDARD_LIBRARIES = YES;
				CODE_SIGN_STYLE = Automatic;
				CURRENT_PROJECT_VERSION = 1;
				DEVELOPMENT_TEAM = QNK29NH27H;
				GENERATE_INFOPLIST_FILE = YES;
				MARKETING_VERSION = 1.0;
				PRODUCT_BUNDLE_IDENTIFIER = picker.SwiftUITestUITests;
				PRODUCT_NAME = "$(TARGET_NAME)";
				SWIFT_EMIT_LOC_STRINGS = NO;
				SWIFT_VERSION = 5.0;
				TARGETED_DEVICE_FAMILY = "1,2";
				TEST_TARGET_NAME = SwiftUITest;
			};
			name = Release;
		};
/* End XCBuildConfiguration section */

/* Begin XCConfigurationList section */
		759383C32A3622F20016EA29 /* Build configuration list for PBXProject "SwiftUITest" */ = {
			isa = XCConfigurationList;
			buildConfigurations = (
				759383EA2A3622F30016EA29 /* Debug */,
				759383EB2A3622F30016EA29 /* Release */,
			);
			defaultConfigurationIsVisible = 0;
			defaultConfigurationName = Release;
		};
		759383EC2A3622F30016EA29 /* Build configuration list for PBXNativeTarget "SwiftUITest" */ = {
			isa = XCConfigurationList;
			buildConfigurations = (
				759383ED2A3622F30016EA29 /* Debug */,
				759383EE2A3622F30016EA29 /* Release */,
			);
			defaultConfigurationIsVisible = 0;
			defaultConfigurationName = Release;
		};
		759383EF2A3622F30016EA29 /* Build configuration list for PBXNativeTarget "SwiftUITestTests" */ = {
			isa = XCConfigurationList;
			buildConfigurations = (
				759383F02A3622F30016EA29 /* Debug */,
				759383F12A3622F30016EA29 /* Release */,
			);
			defaultConfigurationIsVisible = 0;
			defaultConfigurationName = Release;
		};
		759383F22A3622F30016EA29 /* Build configuration list for PBXNativeTarget "SwiftUITestUITests" */ = {
			isa = XCConfigurationList;
			buildConfigurations = (
				759383F32A3622F30016EA29 /* Debug */,
				759383F42A3622F30016EA29 /* Release */,
			);
			defaultConfigurationIsVisible = 0;
			defaultConfigurationName = Release;
		};
/* End XCConfigurationList section */
	};
	rootObject = 759383C02A3622F20016EA29 /* Project object */;
}
