// !$*UTF8*$!
{
	archiveVersion = 1;
	classes = {
	};
	objectVersion = 56;
	objects = {

/* Begin PBXBuildFile section */
		759383CC2A3622F20016EA29 /* SwiftUITestApp.swift in Sources */ = {isa = PBXBuildFile; fileRef = 759383CB2A3622F20016EA29 /* SwiftUITestApp.swift */; };
		759383CE2A3622F20016EA29 /* ContentView.swift in Sources */ = {isa = PBXBuildFile; fileRef = 759383CD2A3622F20016EA29 /* ContentView.swift */; };
		759383D02A3622F30016EA29 /* Assets.xcassets in Resources */ = {isa = PBXBuildFile; fileRef = 759383CF2A3622F30016EA29 /* Assets.xcassets */; };
		759383D32A3622F30016EA29 /* Preview Assets.xcassets in Resources */ = {isa = PBXBuildFile; fileRef = 759383D22A3622F30016EA29 /* Preview Assets.xcassets */; };
		759383DD2A3622F30016EA29 /* SwiftUITestTests.swift in Sources */ = {isa = PBXBuildFile; fileRef = 759383DC2A3622F30016EA29 /* SwiftUITestTests.swift */; };
		759383E72A3622F30016EA29 /* SwiftUITestUITests.swift in Sources */ = {isa = PBXBuildFile; fileRef = 759383E62A3622F30016EA29 /* SwiftUITestUITests.swift */; };
		759383E92A3622F30016EA29 /* SwiftUITestUITestsLaunchTests.swift in Sources */ = {isa = PBXBuildFile; fileRef = 759383E82A3622F30016EA29 /* SwiftUITestUITestsLaunchTests.swift */; };
/* End PBXBuildFile section */

/* Begin PBXContainerItemProxy section */
		759383D92A3622F30016EA29 /* PBXContainerItemProxy */ = {
			isa = PBXContainerItemProxy;
			containerPortal = 759383C02A3622F20016EA29 /* Project object */;
			proxyType = 1;
			remoteGlobalIDString = 759383C72A3622F20016EA29;
			remoteInfo = SwiftUITest;
		};
		759383E32A3622F30016EA29 /* PBXContainerItemProxy */ = {
			isa = PBXContainerItemProxy;
			containerPortal = 759383C02A3622F20016EA29 /* Project object */;
			proxyType = 1;
			remoteGlobalIDString = 759383C72A3622F20016EA29;
			remoteInfo = SwiftUITest;
		};
/* End PBXContainerItemProxy section */

/* Begin PBXFileReference section */
		759383C82A3622F20016EA29 /* SwiftUITest.app */ = {isa = PBXFileReference; explicitFileType = wrapper.application; includeInIndex = 0; path = SwiftUITest.app; sourceTree = BUILT_PRODUCTS_DIR; };
		759383CB2A3622F20016EA29 /* SwiftUITestApp.swift */ = {isa = PBXFileReference; lastKnownFileType = sourcecode.swift; path = SwiftUITestApp.swift; sourceTree = "<group>"; };
		759383CD2A3622F20016EA29 /* ContentView.swift */ = {isa = PBXFileReference; lastKnownFileType = sourcecode.swift; path = ContentView.swift; sourceTree = "<group>"; };
		759383CF2A3622F30016EA29 /* Assets.xcassets */ = {isa = PBXFileReference; lastKnownFileType = folder.assetcatalog; path = Assets.xcassets; sourceTree = "<group>"; };
		759383D22A3622F30016EA29 /* Preview Assets.xcassets */ = {isa = PBXFileReference; lastKnownFileType = folder.assetcatalog; path = "Preview Assets.xcassets"; sourceTree = "<group>"; };
		759383D82A3622F30016EA29 /* SwiftUITestTests.xctest */ = {isa = PBXFileReference; explicitFileType = wrapper.cfbundle; includeInIndex = 0; path = SwiftUITestTests.xctest; sourceTree = BUILT_PRODUCTS_DIR; };
		759383DC2A3622F30016EA29 /* SwiftUITestTests.swift */ = {isa = PBXFileReference; lastKnownFileType = sourcecode.swift; path = SwiftUITestTests.swift; sourceTree = "<group>"; };
		759383E22A3622F30016EA29 /* SwiftUITestUITests.xctest */ = {isa = PBXFileReference; explicitFileType = wrapper.cfbundle; includeInIndex = 0; path = SwiftUITestUITests.xctest; sourceTree = BUILT_PRODUCTS_DIR; };
		759383E62A3622F30016EA29 /* SwiftUITestUITests.swift */ = {isa = PBXFileReference; lastKnownFileType = sourcecode.swift; path = SwiftUITestUITests.swift; sourceTree = "<group>"; };
		759383E82A3622F30016EA29 /* SwiftUITestUITestsLaunchTests.swift */ = {isa = PBXFileReference; lastKnownFileType = sourcecode.swift; path = SwiftUITestUITestsLaunchTests.swift; sourceTree = "<group>"; };
/* End PBXFileReference section */

/* Begin PBXFrameworksBuildPhase section */
		759383C52A3622F20016EA29 /* Frameworks */ = {
			isa = PBXFrameworksBuildPhase;
			buildActionMask = 2147483647;
			files = (
			);
			runOnlyForDeploymentPostprocessing = 0;
		};
		759383D52A3622F30016EA29 /* Frameworks */ = {
			isa = PBXFrameworksBuildPhase;
			buildActionMask = 2147483647;
			files = (
			);
			runOnlyForDeploymentPostprocessing = 0;
		};
		759383DF2A3622F30016EA29 /* Frameworks */ = {
			isa = PBXFrameworksBuildPhase;
			buildActionMask = 2147483647;
			files = (
			);
			runOnlyForDeploymentPostprocessing = 0;
		};
/* End PBXFrameworksBuildPhase section */

/* Begin PBXGroup section */
		759383BF2A3622F20016EA29 = {
			isa = PBXGroup;
			children = (
				759383CA2A3622F20016EA29 /* SwiftUITest */,
				759383DB2A3622F30016EA29 /* SwiftUITestTests */,
				759383E52A3622F30016EA29 /* SwiftUITestUITests */,
				759383C92A3622F20016EA29 /* Products */,
			);
			sourceTree = "<group>";
		};
		759383C92A3622F20016EA29 /* Products */ = {
			isa = PBXGroup;
			children = (
				759383C82A3622F20016EA29 /* SwiftUITest.app */,
				759383D82A3622F30016EA29 /* SwiftUITestTests.xctest */,
				759383E22A3622F30016EA29 /* SwiftUITestUITests.xctest */,
			);
			name = Products;
			sourceTree = "<group>";
		};
		759383CA2A3622F20016EA29 /* SwiftUITest */ = {
			isa = PBXGroup;
			children = (
				759383CB2A3622F20016EA29 /* SwiftUITestApp.swift */,
				759383CD2A3622F20016EA29 /* ContentView.swift */,
				759383CF2A3622F30016EA29 /* Assets.xcassets */,
				759383D12A3622F30016EA29 /* Preview Content */,
			);
			path = SwiftUITest;
			sourceTree = "<group>";
		};
		759383D12A3622F30016EA29 /* Preview Content */ = {
			isa = PBXGroup;
			children = (
				759383D22A3622F30016EA29 /* Preview Assets.xcassets */,
			);
			path = "Preview Content";
			sourceTree = "<group>";
		};
		759383DB2A3622F30016EA29 /* SwiftUITestTests */ = {
			isa = PBXGroup;
			children = (
				759383DC2A3622F30016EA29 /* SwiftUITestTests.swift */,
			);
			path = SwiftUITestTests;
			sourceTree = "<group>";
		};
		759383E52A3622F30016EA29 /* SwiftUITestUITests */ = {
			isa = PBXGroup;
			children = (
				759383E62A3622F30016EA29 /* SwiftUITestUITests.swift */,
				759383E82A3622F30016EA29 /* SwiftUITestUITestsLaunchTests.swift */,
			);
			path = SwiftUITestUITests;
			sourceTree = "<group>";
		};
/* End PBXGroup section */

/* Begin PBXNativeTarget section */
		759383C72A3622F20016EA29 /* SwiftUITest */ = {
			isa = PBXNativeTarget;
			buildConfigurationList = 759383EC2A3622F30016EA29 /* Build configuration list for PBXNativeTarget "SwiftUITest" */;
			buildPhases = (
				759383C42A3622F20016EA29 /* Sources */,
				759383C52A3622F20016EA29 /* Frameworks */,
				759383C62A3622F20016EA29 /* Resources */,
			);
			buildRules = (
			);
			dependencies = (
			);
			name = SwiftUITest;
			productName = SwiftUITest;
			productReference = 759383C82A3622F20016EA29 /* SwiftUITest.app */;
			productType = "com.apple.product-type.application";
		};
		759383D72A3622F30016EA29 /* SwiftUITestTests */ = {
			isa = PBXNativeTarget;
			buildConfigurationList = 759383EF2A3622F30016EA29 /* Build configuration list for PBXNativeTarget "SwiftUITestTests" */;
			buildPhases = (
				759383D42A3622F30016EA29 /* Sources */,
				759383D52A3622F30016EA29 /* Frameworks */,
				759383D62A3622F30016EA29 /* Resources */,
			);
			buildRules = (
			);
			dependencies = (
				759383DA2A3622F30016EA29 /* PBXTargetDependency */,
			);
			name = SwiftUITestTests;
			productName = SwiftUITestTests;
			productReference = 759383D82A3622F30016EA29 /* SwiftUITestTests.xctest */;
			productType = "com.apple.product-type.bundle.unit-test";
		};
		759383E12A3622F30016EA29 /* SwiftUITestUITests */ = {
			isa = PBXNativeTarget;
			buildConfigurationList = 759383F22A3622F30016EA29 /* Build configuration list for PBXNativeTarget "SwiftUITestUITests" */;
			buildPhases = (
				759383DE2A3622F30016EA29 /* Sources */,
				759383DF2A3622F30016EA29 /* Frameworks */,
				759383E02A3622F30016EA29 /* Resources */,
			);
			buildRules = (
			);
			dependencies = (
				759383E42A3622F30016EA29 /* PBXTargetDependency */,
			);
			name = SwiftUITestUITests;
			productName = SwiftUITestUITests;
			productReference = 759383E22A3622F30016EA29 /* SwiftUITestUITests.xctest */;
			productType = "com.apple.product-type.bundle.ui-testing";
		};
/* End PBXNativeTarget section */

/* Begin PBXProject section */
		759383C02A3622F20016EA29 /* Project object */ = {
			isa = PBXProject;
			attributes = {
				BuildIndependentTargetsInParallel = 1;
				LastSwiftUpdateCheck = 1430;
				LastUpgradeCheck = 1430;
				TargetAttributes = {
					759383C72A3622F20016EA29 = {
						CreatedOnToolsVersion = 14.3;
					};
					759383D72A3622F30016EA29 = {
						CreatedOnToolsVersion = 14.3;
						TestTargetID = 759383C72A3622F20016EA29;
					};
					759383E12A3622F30016EA29 = {
						CreatedOnToolsVersion = 14.3;
						TestTargetID = 759383C72A3622F20016EA29;
					};
				};
			};
			buildConfigurationList = 759383C32A3622F20016EA29 /* Build configuration list for PBXProject "SwiftUITest" */;
			compatibilityVersion = "Xcode 14.0";
			developmentRegion = en;
			hasScannedForEncodings = 0;
			knownRegions = (
				en,
				Base,
			);
			mainGroup = 759383BF2A3622F20016EA29;
			productRefGroup = 759383C92A3622F20016EA29 /* Products */;
			projectDirPath = "";
			projectRoot = "";
			targets = (
				759383C72A3622F20016EA29 /* SwiftUITest */,
				759383D72A3622F30016EA29 /* SwiftUITestTests */,
				759383E12A3622F30016EA29 /* SwiftUITestUITests */,
			);
		};
/* End PBXProject section */

/* Begin PBXResourcesBuildPhase section */
		759383C62A3622F20016EA29 /* Resources */ = {
			isa = PBXResourcesBuildPhase;
			buildActionMask = 2147483647;
			files = (
				759383D32A3622F30016EA29 /* Preview Assets.xcassets in Resources */,
				759383D02A3622F30016EA29 /* Assets.xcassets in Resources */,
			);
			runOnlyForDeploymentPostprocessing = 0;
		};
		759383D62A3622F30016EA29 /* Resources */ = {
			isa = PBXResourcesBuildPhase;
			buildActionMask = 2147483647;
			files = (
			);
			runOnlyForDeploymentPostprocessing = 0;
		};
		759383E02A3622F30016EA29 /* Resources */ = {
			isa = PBXResourcesBuildPhase;
			buildActionMask = 2147483647;
			files = (
			);
			runOnlyForDeploymentPostprocessing = 0;
		};
/* End PBXResourcesBuildPhase section */

/* Begin PBXSourcesBuildPhase section */
		759383C42A3622F20016EA29 /* Sources */ = {
			isa = PBXSourcesBuildPhase;
			buildActionMask = 2147483647;
			files = (
				759383CE2A3622F20016EA29 /* ContentView.swift in Sources */,
				759383CC2A3622F20016EA29 /* SwiftUITestApp.swift in Sources */,
			);
			runOnlyForDeploymentPostprocessing = 0;
		};
		759383D42A3622F30016EA29 /* Sources */ = {
			isa = PBXSourcesBuildPhase;
			buildActionMask = 2147483647;
			files = (
				759383DD2A3622F30016EA29 /* SwiftUITestTests.swift in Sources */,
			);
			runOnlyForDeploymentPostprocessing = 0;
		};
		759383DE2A3622F30016EA29 /* Sources */ = {
			isa = PBXSourcesBuildPhase;
			buildActionMask = 2147483647;
			files = (
				759383E92A3622F30016EA29 /* SwiftUITestUITestsLaunchTests.swift in Sources */,
				759383E72A3622F30016EA29 /* SwiftUITestUITests.swift in Sources */,
			);
			runOnlyForDeploymentPostprocessing = 0;
		};
/* End PBXSourcesBuildPhase section */

/* Begin PBXTargetDependency section */
		759383DA2A3622F30016EA29 /* PBXTargetDependency */ = {
			isa = PBXTargetDependency;
			target = 759383C72A3622F20016EA29 /* SwiftUITest */;
			targetProxy = 759383D92A3622F30016EA29 /* PBXContainerItemProxy */;
		};
		759383E42A3622F30016EA29 /* PBXTargetDependency */ = {
			isa = PBXTargetDependency;
			target = 759383C72A3622F20016EA29 /* SwiftUITest */;
			targetProxy = 759383E32A3622F30016EA29 /* PBXContainerItemProxy */;
		};
/* End PBXTargetDependency section */

/* Begin XCBuildConfiguration section */
		759383EA2A3622F30016EA29 /* Debug */ = {
			isa = XCBuildConfiguration;
			buildSettings = {
				ALWAYS_SEARCH_USER_PATHS = NO;
				CLANG_ANALYZER_NONNULL = YES;
				CLANG_ANALYZER_NUMBER_OBJECT_CONVERSION = YES_AGGRESSIVE;
				CLANG_CXX_LANGUAGE_STANDARD = "gnu++20";
				CLANG_ENABLE_MODULES = YES;
				CLANG_ENABLE_OBJC_ARC = YES;
				CLANG_ENABLE_OBJC_WEAK = YES;
				CLANG_WARN_BLOCK_CAPTURE_AUTORELEASING = YES;
				CLANG_WARN_BOOL_CONVERSION = YES;
				CLANG_WARN_COMMA = YES;
				CLANG_WARN_CONSTANT_CONVERSION = YES;
				CLANG_WARN_DEPRECATED_OBJC_IMPLEMENTATIONS = YES;
				CLANG_WARN_DIRECT_OBJC_ISA_USAGE = YES_ERROR;
				CLANG_WARN_DOCUMENTATION_COMMENTS = YES;
				CLANG_WARN_EMPTY_BODY = YES;
				CLANG_WARN_ENUM_CONVERSION = YES;
				CLANG_WARN_INFINITE_RECURSION = YES;
				CLANG_WARN_INT_CONVERSION = YES;
				CLANG_WARN_NON_LITERAL_NULL_CONVERSION = YES;
				CLANG_WARN_OBJC_IMPLICIT_RETAIN_SELF = YES;
				CLANG_WARN_OBJC_LITERAL_CONVERSION = YES;
				CLANG_WARN_OBJC_ROOT_CLASS = YES_ERROR;
				CLANG_WARN_QUOTED_INCLUDE_IN_FRAMEWORK_HEADER = YES;
				CLANG_WARN_RANGE_LOOP_ANALYSIS = YES;
				CLANG_WARN_STRICT_PROTOTYPES = YES;
				CLANG_WARN_SUSPICIOUS_MOVE = YES;
				CLANG_WARN_UNGUARDED_AVAILABILITY = YES_AGGRESSIVE;
				CLANG_WARN_UNREACHABLE_CODE = YES;
				CLANG_WARN__DUPLICATE_METHOD_MATCH = YES;
				COPY_PHASE_STRIP = NO;
				DEBUG_INFORMATION_FORMAT = dwarf;
				ENABLE_STRICT_OBJC_MSGSEND = YES;
				ENABLE_TESTABILITY = YES;
				GCC_C_LANGUAGE_STANDARD = gnu11;
				GCC_DYNAMIC_NO_PIC = NO;
				GCC_NO_COMMON_BLOCKS = YES;
				GCC_OPTIMIZATION_LEVEL = 0;
				GCC_PREPROCESSOR_DEFINITIONS = (
					"DEBUG=1",
					"$(inherited)",
				);
				GCC_WARN_64_TO_32_BIT_CONVERSION = YES;
				GCC_WARN_ABOUT_RETURN_TYPE = YES_ERROR;
				GCC_WARN_UNDECLARED_SELECTOR = YES;
				GCC_WARN_UNINITIALIZED_AUTOS = YES_AGGRESSIVE;
				GCC_WARN_UNUSED_FUNCTION = YES;
				GCC_WARN_UNUSED_VARIABLE = YES;
				IPHONEOS_DEPLOYMENT_TARGET = 16.4;
				MTL_ENABLE_DEBUG_INFO = INCLUDE_SOURCE;
				MTL_FAST_MATH = YES;
				ONLY_ACTIVE_ARCH = YES;
				SDKROOT = iphoneos;
				SWIFT_ACTIVE_COMPILATION_CONDITIONS = DEBUG;
				SWIFT_OPTIMIZATION_LEVEL = "-Onone";
			};
			name = Debug;
		};
		759383EB2A3622F30016EA29 /* Release */ = {
			isa = XCBuildConfiguration;
			buildSettings = {
				ALWAYS_SEARCH_USER_PATHS = NO;
				CLANG_ANALYZER_NONNULL = YES;
				CLANG_ANALYZER_NUMBER_OBJECT_CONVERSION = YES_AGGRESSIVE;
				CLANG_CXX_LANGUAGE_STANDARD = "gnu++20";
				CLANG_ENABLE_MODULES = YES;
				CLANG_ENABLE_OBJC_ARC = YES;
				CLANG_ENABLE_OBJC_WEAK = YES;
				CLANG_WARN_BLOCK_CAPTURE_AUTORELEASING = YES;
				CLANG_WARN_BOOL_CONVERSION = YES;
				CLANG_WARN_COMMA = YES;
				CLANG_WARN_CONSTANT_CONVERSION = YES;
				CLANG_WARN_DEPRECATED_OBJC_IMPLEMENTATIONS = YES;
				CLANG_WARN_DIRECT_OBJC_ISA_USAGE = YES_ERROR;
				CLANG_WARN_DOCUMENTATION_COMMENTS = YES;
				CLANG_WARN_EMPTY_BODY = YES;
				CLANG_WARN_ENUM_CONVERSION = YES;
				CLANG_WARN_INFINITE_RECURSION = YES;
				CLANG_WARN_INT_CONVERSION = YES;
				CLANG_WARN_NON_LITERAL_NULL_CONVERSION = YES;
				CLANG_WARN_OBJC_IMPLICIT_RETAIN_SELF = YES;
				CLANG_WARN_OBJC_LITERAL_CONVERSION = YES;
				CLANG_WARN_OBJC_ROOT_CLASS = YES_ERROR;
				CLANG_WARN_QUOTED_INCLUDE_IN_FRAMEWORK_HEADER = YES;
				CLANG_WARN_RANGE_LOOP_ANALYSIS = YES;
				CLANG_WARN_STRICT_PROTOTYPES = YES;
				CLANG_WARN_SUSPICIOUS_MOVE = YES;
				CLANG_WARN_UNGUARDED_AVAILABILITY = YES_AGGRESSIVE;
				CLANG_WARN_UNREACHABLE_CODE = YES;
				CLANG_WARN__DUPLICATE_METHOD_MATCH = YES;
				COPY_PHASE_STRIP = NO;
				DEBUG_INFORMATION_FORMAT = "dwarf-with-dsym";
				ENABLE_NS_ASSERTIONS = NO;
				ENABLE_STRICT_OBJC_MSGSEND = YES;
				GCC_C_LANGUAGE_STANDARD = gnu11;
				GCC_NO_COMMON_BLOCKS = YES;
				GCC_WARN_64_TO_32_BIT_CONVERSION = YES;
				GCC_WARN_ABOUT_RETURN_TYPE = YES_ERROR;
				GCC_WARN_UNDECLARED_SELECTOR = YES;
				GCC_WARN_UNINITIALIZED_AUTOS = YES_AGGRESSIVE;
				GCC_WARN_UNUSED_FUNCTION = YES;
				GCC_WARN_UNUSED_VARIABLE = YES;
				IPHONEOS_DEPLOYMENT_TARGET = 16.4;
				MTL_ENABLE_DEBUG_INFO = NO;
				MTL_FAST_MATH = YES;
				SDKROOT = iphoneos;
				SWIFT_COMPILATION_MODE = wholemodule;
				SWIFT_OPTIMIZATION_LEVEL = "-O";
				VALIDATE_PRODUCT = YES;
			};
			name = Release;
		};
		759383ED2A3622F30016EA29 /* Debug */ = {
			isa = XCBuildConfiguration;
			buildSettings = {
				ASSETCATALOG_COMPILER_APPICON_NAME = AppIcon;
				ASSETCATALOG_COMPILER_GLOBAL_ACCENT_COLOR_NAME = AccentColor;
				CODE_SIGN_STYLE = Automatic;
				CURRENT_PROJECT_VERSION = 1;
				DEVELOPMENT_ASSET_PATHS = "\"SwiftUITest/Preview Content\"";
				DEVELOPMENT_TEAM = QNK29NH27H;
				ENABLE_PREVIEWS = YES;
				GENERATE_INFOPLIST_FILE = YES;
				INFOPLIST_KEY_UIApplicationSceneManifest_Generation = YES;
				INFOPLIST_KEY_UIApplicationSupportsIndirectInputEvents = YES;
				INFOPLIST_KEY_UILaunchScreen_Generation = YES;
				INFOPLIST_KEY_UISupportedInterfaceOrientations_iPad = "UIInterfaceOrientationPortrait UIInterfaceOrientationPortraitUpsideDown UIInterfaceOrientationLandscapeLeft UIInterfaceOrientationLandscapeRight";
				INFOPLIST_KEY_UISupportedInterfaceOrientations_iPhone = "UIInterfaceOrientationPortrait UIInterfaceOrientationLandscapeLeft UIInterfaceOrientationLandscapeRight";
				LD_RUNPATH_SEARCH_PATHS = (
					"$(inherited)",
					"@executable_path/Frameworks",
				);
				MARKETING_VERSION = 1.0;
				PRODUCT_BUNDLE_IDENTIFIER = picker.SwiftUITest;
				PRODUCT_NAME = "$(TARGET_NAME)";
				SWIFT_EMIT_LOC_STRINGS = YES;
				SWIFT_VERSION = 5.0;
				TARGETED_DEVICE_FAMILY = "1,2";
			};
			name = Debug;
		};
		759383EE2A3622F30016EA29 /* Release */ = {
			isa = XCBuildConfiguration;
			buildSettings = {
				ASSETCATALOG_COMPILER_APPICON_NAME = AppIcon;
				ASSETCATALOG_COMPILER_GLOBAL_ACCENT_COLOR_NAME = AccentColor;
				CODE_SIGN_STYLE = Automatic;
				CURRENT_PROJECT_VERSION = 1;
				DEVELOPMENT_ASSET_PATHS = "\"SwiftUITest/Preview Content\"";
				DEVELOPMENT_TEAM = QNK29NH27H;
				ENABLE_PREVIEWS = YES;
				GENERATE_INFOPLIST_FILE = YES;
				INFOPLIST_KEY_UIApplicationSceneManifest_Generation = YES;
				INFOPLIST_KEY_UIApplicationSupportsIndirectInputEvents = YES;
				INFOPLIST_KEY_UILaunchScreen_Generation = YES;
				INFOPLIST_KEY_UISupportedInterfaceOrientations_iPad = "UIInterfaceOrientationPortrait UIInterfaceOrientationPortraitUpsideDown UIInterfaceOrientationLandscapeLeft UIInterfaceOrientationLandscapeRight";
				INFOPLIST_KEY_UISupportedInterfaceOrientations_iPhone = "UIInterfaceOrientationPortrait UIInterfaceOrientationLandscapeLeft UIInterfaceOrientationLandscapeRight";
				LD_RUNPATH_SEARCH_PATHS = (
					"$(inherited)",
					"@executable_path/Frameworks",
				);
				MARKETING_VERSION = 1.0;
				PRODUCT_BUNDLE_IDENTIFIER = picker.SwiftUITest;
				PRODUCT_NAME = "$(TARGET_NAME)";
				SWIFT_EMIT_LOC_STRINGS = YES;
				SWIFT_VERSION = 5.0;
				TARGETED_DEVICE_FAMILY = "1,2";
			};
			name = Release;
		};
		759383F02A3622F30016EA29 /* Debug */ = {
			isa = XCBuildConfiguration;
			buildSettings = {
				ALWAYS_EMBED_SWIFT_STANDARD_LIBRARIES = YES;
				BUNDLE_LOADER = "$(TEST_HOST)";
				CODE_SIGN_STYLE = Automatic;
				CURRENT_PROJECT_VERSION = 1;
				DEVELOPMENT_TEAM = QNK29NH27H;
				GENERATE_INFOPLIST_FILE = YES;
				IPHONEOS_DEPLOYMENT_TARGET = 16.4;
				MARKETING_VERSION = 1.0;
				PRODUCT_BUNDLE_IDENTIFIER = picker.SwiftUITestTests;
				PRODUCT_NAME = "$(TARGET_NAME)";
				SWIFT_EMIT_LOC_STRINGS = NO;
				SWIFT_VERSION = 5.0;
				TARGETED_DEVICE_FAMILY = "1,2";
				TEST_HOST = "$(BUILT_PRODUCTS_DIR)/SwiftUITest.app/$(BUNDLE_EXECUTABLE_FOLDER_PATH)/SwiftUITest";
			};
			name = Debug;
		};
		759383F12A3622F30016EA29 /* Release */ = {
			isa = XCBuildConfiguration;
			buildSettings = {
				ALWAYS_EMBED_SWIFT_STANDARD_LIBRARIES = YES;
				BUNDLE_LOADER = "$(TEST_HOST)";
				CODE_SIGN_STYLE = Automatic;
				CURRENT_PROJECT_VERSION = 1;
				DEVELOPMENT_TEAM = QNK29NH27H;
				GENERATE_INFOPLIST_FILE = YES;
				IPHONEOS_DEPLOYMENT_TARGET = 16.4;
				MARKETING_VERSION = 1.0;
				PRODUCT_BUNDLE_IDENTIFIER = picker.SwiftUITestTests;
				PRODUCT_NAME = "$(TARGET_NAME)";
				SWIFT_EMIT_LOC_STRINGS = NO;
				SWIFT_VERSION = 5.0;
				TARGETED_DEVICE_FAMILY = "1,2";
				TEST_HOST = "$(BUILT_PRODUCTS_DIR)/SwiftUITest.app/$(BUNDLE_EXECUTABLE_FOLDER_PATH)/SwiftUITest";
			};
			name = Release;
		};
		759383F32A3622F30016EA29 /* Debug */ = {
			isa = XCBuildConfiguration;
			buildSettings = {
				ALWAYS_EMBED_SWIFT_STANDARD_LIBRARIES = YES;
				CODE_SIGN_STYLE = Automatic;
				CURRENT_PROJECT_VERSION = 1;
				DEVELOPMENT_TEAM = QNK29NH27H;
				GENERATE_INFOPLIST_FILE = YES;
				MARKETING_VERSION = 1.0;
				PRODUCT_BUNDLE_IDENTIFIER = picker.SwiftUITestUITests;
				PRODUCT_NAME = "$(TARGET_NAME)";
				SWIFT_EMIT_LOC_STRINGS = NO;
				SWIFT_VERSION = 5.0;
				TARGETED_DEVICE_FAMILY = "1,2";
				TEST_TARGET_NAME = SwiftUITest;
			};
			name = Debug;
		};
		759383F42A3622F30016EA29 /* Release */ = {
			isa = XCBuildConfiguration;
			buildSettings = {
				ALWAYS_EMBED_SWIFT_STANDARD_LIBRARIES = YES;
				CODE_SIGN_STYLE = Automatic;
				CURRENT_PROJECT_VERSION = 1;
				DEVELOPMENT_TEAM = QNK29NH27H;
				GENERATE_INFOPLIST_FILE = YES;
				MARKETING_VERSION = 1.0;
				PRODUCT_BUNDLE_IDENTIFIER = picker.SwiftUITestUITests;
				PRODUCT_NAME = "$(TARGET_NAME)";
				SWIFT_EMIT_LOC_STRINGS = NO;
				SWIFT_VERSION = 5.0;
				TARGETED_DEVICE_FAMILY = "1,2";
				TEST_TARGET_NAME = SwiftUITest;
			};
			name = Release;
		};
/* End XCBuildConfiguration section */

/* Begin XCConfigurationList section */
		759383C32A3622F20016EA29 /* Build configuration list for PBXProject "SwiftUITest" */ = {
			isa = XCConfigurationList;
			buildConfigurations = (
				759383EA2A3622F30016EA29 /* Debug */,
				759383EB2A3622F30016EA29 /* Release */,
			);
			defaultConfigurationIsVisible = 0;
			defaultConfigurationName = Release;
		};
		759383EC2A3622F30016EA29 /* Build configuration list for PBXNativeTarget "SwiftUITest" */ = {
			isa = XCConfigurationList;
			buildConfigurations = (
				759383ED2A3622F30016EA29 /* Debug */,
				759383EE2A3622F30016EA29 /* Release */,
			);
			defaultConfigurationIsVisible = 0;
			defaultConfigurationName = Release;
		};
		759383EF2A3622F30016EA29 /* Build configuration list for PBXNativeTarget "SwiftUITestTests" */ = {
			isa = XCConfigurationList;
			buildConfigurations = (
				759383F02A3622F30016EA29 /* Debug */,
				759383F12A3622F30016EA29 /* Release */,
			);
			defaultConfigurationIsVisible = 0;
			defaultConfigurationName = Release;
		};
		759383F22A3622F30016EA29 /* Build configuration list for PBXNativeTarget "SwiftUITestUITests" */ = {
			isa = XCConfigurationList;
			buildConfigurations = (
				759383F32A3622F30016EA29 /* Debug */,
				759383F42A3622F30016EA29 /* Release */,
			);
			defaultConfigurationIsVisible = 0;
			defaultConfigurationName = Release;
		};
/* End XCConfigurationList section */
	};
	rootObject = 759383C02A3622F20016EA29 /* Project object */;
}
